PODS:
  - AMScrollingNavbar (5.6.1)
  - BEKListKit (1.0.3)
  - Hero (1.5.0)
  - IQKeyboardManagerSwift (6.5.5)
  - lottie-ios (3.1.8)
  - MaterialShowcase (0.7.1)
  - QuickDB (2.0.1)
  - RxCocoa (5.1.1):
    - RxRelay (~> 5)
    - RxSwift (~> 5)
  - RxRelay (5.1.1):
    - RxSwift (~> 5)
  - RxSwift (5.1.1)
  - SDWebImage (5.7.3):
    - SDWebImage/Core (= 5.7.3)
  - SDWebImage/Core (5.7.3)
  - Siren (5.4.0)
  - Stellar (0.67)
  - SwiftRater (1.8.0)

DEPENDENCIES:
  - AMScrollingNavbar
  - BEKListKit
  - Hero
  - IQKeyboardManagerSwift
  - lottie-ios
  - MaterialShowcase
  - QuickDB (from `https://github.com/behrad-kzm/QuickDB`)
  - RxCocoa
  - RxSwift
  - SDWebImage
  - Siren
  - Stellar (from `https://github.com/AugustRush/Stellar.git`)
  - SwiftRater

SPEC REPOS:
  trunk:
    - AMScrollingNavbar
    - BEKListKit
    - Hero
    - IQKeyboardManagerSwift
    - lottie-ios
    - MaterialShowcase
    - RxCocoa
    - RxRelay
    - RxSwift
    - SDWebImage
    - Siren
    - SwiftRater

EXTERNAL SOURCES:
  QuickDB:
    :git: https://github.com/behrad-kzm/QuickDB
  Stellar:
    :git: https://github.com/AugustRush/Stellar.git

CHECKOUT OPTIONS:
  QuickDB:
    :commit: 9f9162c064ca788b38eb8ddda5b48795e9161864
    :git: https://github.com/behrad-kzm/QuickDB
  Stellar:
    :commit: 6c192427621f8b52f3b155d0088e1eabd156abe0
    :git: https://github.com/AugustRush/Stellar.git

SPEC CHECKSUMS:
  AMScrollingNavbar: 602dd7a26efd0edb40d67ec20b5ee80b9f573bbb
  BEKListKit: eced55022c40444e55975752a03595751286e123
  Hero: b7385b75e7259da62f4f85462f59a5082d66b058
  IQKeyboardManagerSwift: 0fb93310284665245591f50f7a5e38de615960b7
  lottie-ios: 48fac6be217c76937e36e340e2d09cf7b10b7f5f
  MaterialShowcase: baaca60627058085d6b304f5a30ee952e99cee21
  QuickDB: d7bb43c01b664fb935963f1756da5f42c9734b54
  RxCocoa: 32065309a38d29b5b0db858819b5bf9ef038b601
  RxRelay: d77f7d771495f43c556cbc43eebd1bb54d01e8e9
  RxSwift: 81470a2074fa8780320ea5fe4102807cb7118178
  SDWebImage: 97351f6582ceca541ea294ba66a1fcb342a331c2
  Siren: 9df16ed5278cfaad7ea034f3d2206e4f6983e9b8
  Stellar: df980becd194eeb62d623af097582da0ef2219b9
  SwiftRater: 6094fa6e9b3866ff8beca0a871b4b5f9ab896a6d

PODFILE CHECKSUM: d6c8b8738001b336e7f5d4aecc40832de8e16e07

COCOAPODS: 1.9.0
