// !$*UTF8*$!
{
	archiveVersion = 1;
	classes = {
	};
	objectVersion = 51;
	objects = {

/* Begin PBXBuildFile section */
		1308C0B1245C3A920095364A /* SimpleString.swift in Sources */ = {isa = PBXBuildFile; fileRef = 1308C0B0245C3A920095364A /* SimpleString.swift */; };
		1308C0B3245C42260095364A /* ComponetElements.swift in Sources */ = {isa = PBXBuildFile; fileRef = 1308C0B2245C42260095364A /* ComponetElements.swift */; };
		139E4B0C245EAA300048FD4B /* ComponentType+SimpleString.swift in Sources */ = {isa = PBXBuildFile; fileRef = 139E4B0B245EAA300048FD4B /* ComponentType+SimpleString.swift */; };
		139E4B0F245EAA570048FD4B /* ComponentElements+SimpleString.swift in Sources */ = {isa = PBXBuildFile; fileRef = 139E4B0E245EAA570048FD4B /* ComponentElements+SimpleString.swift */; };
		139E4B11245EABCF0048FD4B /* PhoneNumber.swift in Sources */ = {isa = PBXBuildFile; fileRef = 139E4B10245EABCF0048FD4B /* PhoneNumber.swift */; };
		139E4B19245EAC970048FD4B /* PhoneNumberInputCell.swift in Sources */ = {isa = PBXBuildFile; fileRef = 139E4B17245EAC970048FD4B /* PhoneNumberInputCell.swift */; };
		139E4B1A245EAC970048FD4B /* PhoneNumberInputCell.xib in Resources */ = {isa = PBXBuildFile; fileRef = 139E4B18245EAC970048FD4B /* PhoneNumberInputCell.xib */; };
		139E4B1C245EACA60048FD4B /* PhoneNumberInputViewModel.swift in Sources */ = {isa = PBXBuildFile; fileRef = 139E4B1B245EACA60048FD4B /* PhoneNumberInputViewModel.swift */; };
		139E4B1F245EACCB0048FD4B /* PhoneNumberOutputViewModel.swift in Sources */ = {isa = PBXBuildFile; fileRef = 139E4B1E245EACCB0048FD4B /* PhoneNumberOutputViewModel.swift */; };
		139E4B22245EACDD0048FD4B /* PhoneNumberOutputCell.swift in Sources */ = {isa = PBXBuildFile; fileRef = 139E4B20245EACDD0048FD4B /* PhoneNumberOutputCell.swift */; };
		139E4B23245EACDD0048FD4B /* PhoneNumberOutputCell.xib in Resources */ = {isa = PBXBuildFile; fileRef = 139E4B21245EACDD0048FD4B /* PhoneNumberOutputCell.xib */; };
		139E4B25245EACF40048FD4B /* ComponentType+PhoneNumber.swift in Sources */ = {isa = PBXBuildFile; fileRef = 139E4B24245EACF40048FD4B /* ComponentType+PhoneNumber.swift */; };
		13B6C5FC2443B136006BE51D /* AppDelegate.swift in Sources */ = {isa = PBXBuildFile; fileRef = 13B6C5FB2443B136006BE51D /* AppDelegate.swift */; };
		13B6C5FE2443B136006BE51D /* SceneDelegate.swift in Sources */ = {isa = PBXBuildFile; fileRef = 13B6C5FD2443B136006BE51D /* SceneDelegate.swift */; };
		13B6C6002443B136006BE51D /* ListsController.swift in Sources */ = {isa = PBXBuildFile; fileRef = 13B6C5FF2443B136006BE51D /* ListsController.swift */; };
		13B6C6062443B136006BE51D /* ListHub.xcdatamodeld in Sources */ = {isa = PBXBuildFile; fileRef = 13B6C6042443B136006BE51D /* ListHub.xcdatamodeld */; };
		13B6C6082443B14E006BE51D /* Assets.xcassets in Resources */ = {isa = PBXBuildFile; fileRef = 13B6C6072443B14E006BE51D /* Assets.xcassets */; };
		13B6C60B2443B14E006BE51D /* LaunchScreen.storyboard in Resources */ = {isa = PBXBuildFile; fileRef = 13B6C6092443B14E006BE51D /* LaunchScreen.storyboard */; };
		13CDB23E245D66CE00749829 /* SimpleStringInputCell.swift in Sources */ = {isa = PBXBuildFile; fileRef = 13CDB23C245D66CE00749829 /* SimpleStringInputCell.swift */; };
		13CDB23F245D66CE00749829 /* SimpleStringInputCell.xib in Resources */ = {isa = PBXBuildFile; fileRef = 13CDB23D245D66CE00749829 /* SimpleStringInputCell.xib */; };
		13CDB243245D695500749829 /* SimpleStringInputViewModel.swift in Sources */ = {isa = PBXBuildFile; fileRef = 13CDB242245D695500749829 /* SimpleStringInputViewModel.swift */; };
		13CDB247245D6B3D00749829 /* SimpleStringOutputCell.swift in Sources */ = {isa = PBXBuildFile; fileRef = 13CDB245245D6B3D00749829 /* SimpleStringOutputCell.swift */; };
		13CDB248245D6B3D00749829 /* SimpleStringOutputCell.xib in Resources */ = {isa = PBXBuildFile; fileRef = 13CDB246245D6B3D00749829 /* SimpleStringOutputCell.xib */; };
		13CDB24A245D6C5700749829 /* SimpleStringOutputViewModel.swift in Sources */ = {isa = PBXBuildFile; fileRef = 13CDB249245D6C5700749829 /* SimpleStringOutputViewModel.swift */; };
		13CDB254245D759E00749829 /* Error+Composer.swift in Sources */ = {isa = PBXBuildFile; fileRef = 13CDB253245D759E00749829 /* Error+Composer.swift */; };
		13CDB256245D918300749829 /* ComponentType+Composer.swift in Sources */ = {isa = PBXBuildFile; fileRef = 13CDB255245D918300749829 /* ComponentType+Composer.swift */; };
		250DAB362458F254006C8895 /* DatabaseManager.framework in Frameworks */ = {isa = PBXBuildFile; fileRef = 250DAB2D2458F254006C8895 /* DatabaseManager.framework */; };
		250DAB3D2458F254006C8895 /* DatabaseManagerTests.swift in Sources */ = {isa = PBXBuildFile; fileRef = 250DAB3C2458F254006C8895 /* DatabaseManagerTests.swift */; };
		250DAB3F2458F254006C8895 /* DatabaseManager.h in Headers */ = {isa = PBXBuildFile; fileRef = 250DAB2F2458F254006C8895 /* DatabaseManager.h */; settings = {ATTRIBUTES = (Public, ); }; };
		250DAB422458F254006C8895 /* DatabaseManager.framework in Frameworks */ = {isa = PBXBuildFile; fileRef = 250DAB2D2458F254006C8895 /* DatabaseManager.framework */; };
		250DAB432458F254006C8895 /* DatabaseManager.framework in Embed Frameworks */ = {isa = PBXBuildFile; fileRef = 250DAB2D2458F254006C8895 /* DatabaseManager.framework */; settings = {ATTRIBUTES = (CodeSignOnCopy, RemoveHeadersOnCopy, ); }; };
		250DAB4F2459009B006C8895 /* Domain.framework in Frameworks */ = {isa = PBXBuildFile; fileRef = 25C082ED24457F67001578D1 /* Domain.framework */; };
		250DAB5E245901A8006C8895 /* AppEngine.framework in Frameworks */ = {isa = PBXBuildFile; fileRef = 250DAB55245901A8006C8895 /* AppEngine.framework */; };
		250DAB65245901A8006C8895 /* AppEngineTests.swift in Sources */ = {isa = PBXBuildFile; fileRef = 250DAB64245901A8006C8895 /* AppEngineTests.swift */; };
		250DAB67245901A8006C8895 /* AppEngine.h in Headers */ = {isa = PBXBuildFile; fileRef = 250DAB57245901A8006C8895 /* AppEngine.h */; settings = {ATTRIBUTES = (Public, ); }; };
		250DAB6A245901A8006C8895 /* AppEngine.framework in Frameworks */ = {isa = PBXBuildFile; fileRef = 250DAB55245901A8006C8895 /* AppEngine.framework */; };
		250DAB6B245901A8006C8895 /* AppEngine.framework in Embed Frameworks */ = {isa = PBXBuildFile; fileRef = 250DAB55245901A8006C8895 /* AppEngine.framework */; settings = {ATTRIBUTES = (CodeSignOnCopy, RemoveHeadersOnCopy, ); }; };
		250DAB73245901B8006C8895 /* AppEngineManager.swift in Sources */ = {isa = PBXBuildFile; fileRef = 250DAB72245901B8006C8895 /* AppEngineManager.swift */; };
		250DAB74245901CE006C8895 /* Domain.framework in Frameworks */ = {isa = PBXBuildFile; fileRef = 25C082ED24457F67001578D1 /* Domain.framework */; };
		250DAB75245901D1006C8895 /* DatabaseManager.framework in Frameworks */ = {isa = PBXBuildFile; fileRef = 250DAB2D2458F254006C8895 /* DatabaseManager.framework */; };
		250DAB7724591C05006C8895 /* DatabaseManager.swift in Sources */ = {isa = PBXBuildFile; fileRef = 250DAB7624591C05006C8895 /* DatabaseManager.swift */; };
		250DAB7C24592179006C8895 /* EngineManagerProtocol.swift in Sources */ = {isa = PBXBuildFile; fileRef = 250DAB7B24592179006C8895 /* EngineManagerProtocol.swift */; };
		250DAB80245929E1006C8895 /* Constants.swift in Sources */ = {isa = PBXBuildFile; fileRef = 250DAB7F245929E1006C8895 /* Constants.swift */; };
		250DAB8324592DA7006C8895 /* Icons.json in Resources */ = {isa = PBXBuildFile; fileRef = 250DAB8224592DA7006C8895 /* Icons.json */; };
		250DAB8624592E5A006C8895 /* SSMocker.swift in Sources */ = {isa = PBXBuildFile; fileRef = 250DAB8524592E5A006C8895 /* SSMocker.swift */; };
		250DAB8824592E9B006C8895 /* IconModel.swift in Sources */ = {isa = PBXBuildFile; fileRef = 250DAB8724592E9B006C8895 /* IconModel.swift */; };
		250DAB8C24593425006C8895 /* ListCell.swift in Sources */ = {isa = PBXBuildFile; fileRef = 250DAB8A24593425006C8895 /* ListCell.swift */; };
		250DAB8D24593425006C8895 /* ListCell.xib in Resources */ = {isa = PBXBuildFile; fileRef = 250DAB8B24593425006C8895 /* ListCell.xib */; };
		250DAB8F24593437006C8895 /* ListItemViewModel.swift in Sources */ = {isa = PBXBuildFile; fileRef = 250DAB8E24593437006C8895 /* ListItemViewModel.swift */; };
		250DAB91245A94A0006C8895 /* ListHubFonts.swift in Sources */ = {isa = PBXBuildFile; fileRef = 250DAB90245A94A0006C8895 /* ListHubFonts.swift */; };
		2551B726245BC6E000BB3689 /* Empty.json in Resources */ = {isa = PBXBuildFile; fileRef = 2551B725245BC6E000BB3689 /* Empty.json */; };
		25C082E724457EF0001578D1 /* CloudKit.framework in Frameworks */ = {isa = PBXBuildFile; fileRef = 25C082E624457EF0001578D1 /* CloudKit.framework */; };
		25C082F124457F67001578D1 /* Domain.h in Headers */ = {isa = PBXBuildFile; fileRef = 25C082EF24457F67001578D1 /* Domain.h */; settings = {ATTRIBUTES = (Public, ); }; };
		25C082F424457F67001578D1 /* Domain.framework in Frameworks */ = {isa = PBXBuildFile; fileRef = 25C082ED24457F67001578D1 /* Domain.framework */; };
		25C082F524457F67001578D1 /* Domain.framework in Embed Frameworks */ = {isa = PBXBuildFile; fileRef = 25C082ED24457F67001578D1 /* Domain.framework */; settings = {ATTRIBUTES = (CodeSignOnCopy, RemoveHeadersOnCopy, ); }; };
		25C082FB24457FCF001578D1 /* DataBaseProtocol.swift in Sources */ = {isa = PBXBuildFile; fileRef = 25C082FA24457FCE001578D1 /* DataBaseProtocol.swift */; };
		25C0830324458071001578D1 /* ListModel.swift in Sources */ = {isa = PBXBuildFile; fileRef = 25C0830224458071001578D1 /* ListModel.swift */; };
		25C0830524458091001578D1 /* ComponentType.swift in Sources */ = {isa = PBXBuildFile; fileRef = 25C0830424458091001578D1 /* ComponentType.swift */; };
		25C0830C2445817B001578D1 /* ListHubColor.swift in Sources */ = {isa = PBXBuildFile; fileRef = 25C0830B2445817B001578D1 /* ListHubColor.swift */; };
		25C0830F24458242001578D1 /* UIColorExtensions.swift in Sources */ = {isa = PBXBuildFile; fileRef = 25C0830E24458242001578D1 /* UIColorExtensions.swift */; };
		25C0831324458394001578D1 /* Utility.swift in Sources */ = {isa = PBXBuildFile; fileRef = 25C0831224458394001578D1 /* Utility.swift */; };
		25C08315244583B8001578D1 /* Vibrator.swift in Sources */ = {isa = PBXBuildFile; fileRef = 25C08314244583B8001578D1 /* Vibrator.swift */; };
		25C0831A244583E3001578D1 /* Constants.swift in Sources */ = {isa = PBXBuildFile; fileRef = 25C08317244583E2001578D1 /* Constants.swift */; };
		25C0831C244583E3001578D1 /* StaticConstants.swift in Sources */ = {isa = PBXBuildFile; fileRef = 25C08319244583E3001578D1 /* StaticConstants.swift */; };
		25C0831E24458496001578D1 /* UserDefaults.swift in Sources */ = {isa = PBXBuildFile; fileRef = 25C0831D24458496001578D1 /* UserDefaults.swift */; };
		25C08320244584B8001578D1 /* Defaults.swift in Sources */ = {isa = PBXBuildFile; fileRef = 25C0831F244584B8001578D1 /* Defaults.swift */; };
		25C08322244585AA001578D1 /* LanguageManager.swift in Sources */ = {isa = PBXBuildFile; fileRef = 25C08321244585AA001578D1 /* LanguageManager.swift */; };
		25C08324244585D8001578D1 /* Application.swift in Sources */ = {isa = PBXBuildFile; fileRef = 25C08323244585D8001578D1 /* Application.swift */; };
		25C0832724458804001578D1 /* MainNavigationController.swift in Sources */ = {isa = PBXBuildFile; fileRef = 25C0832624458804001578D1 /* MainNavigationController.swift */; };
		25C0832A24458854001578D1 /* Navigator.swift in Sources */ = {isa = PBXBuildFile; fileRef = 25C0832924458854001578D1 /* Navigator.swift */; };
		25C0832D244588B9001578D1 /* SplashViewModel.swift in Sources */ = {isa = PBXBuildFile; fileRef = 25C0832C244588B9001578D1 /* SplashViewModel.swift */; };
		25C08331244588C4001578D1 /* SplashViewController.swift in Sources */ = {isa = PBXBuildFile; fileRef = 25C0832E244588C3001578D1 /* SplashViewController.swift */; };
		25C08332244588C4001578D1 /* SplashViewController.xib in Resources */ = {isa = PBXBuildFile; fileRef = 25C0832F244588C3001578D1 /* SplashViewController.xib */; };
		25C08333244588C4001578D1 /* SplashNavigator.swift in Sources */ = {isa = PBXBuildFile; fileRef = 25C08330244588C4001578D1 /* SplashNavigator.swift */; };
		25C0833724458A86001578D1 /* ListsController.xib in Resources */ = {isa = PBXBuildFile; fileRef = 25C0833624458A86001578D1 /* ListsController.xib */; };
		25C0833924458A9F001578D1 /* ListsNavigator.swift in Sources */ = {isa = PBXBuildFile; fileRef = 25C0833824458A9F001578D1 /* ListsNavigator.swift */; };
		25C0833B24458AC0001578D1 /* ListsViewModel.swift in Sources */ = {isa = PBXBuildFile; fileRef = 25C0833A24458AC0001578D1 /* ListsViewModel.swift */; };
		25C0834624458D66001578D1 /* SoundEffects.swift in Sources */ = {isa = PBXBuildFile; fileRef = 25C0834524458D66001578D1 /* SoundEffects.swift */; };
		25C0834924458D8B001578D1 /* SplashSound.mp3 in Resources */ = {isa = PBXBuildFile; fileRef = 25C0834724458D8A001578D1 /* SplashSound.mp3 */; };
		25C0834A24458D8B001578D1 /* ErrorSound.mp3 in Resources */ = {isa = PBXBuildFile; fileRef = 25C0834824458D8B001578D1 /* ErrorSound.mp3 */; };
		25C0834E24458DB8001578D1 /* Montserrat-Bold.ttf in Resources */ = {isa = PBXBuildFile; fileRef = 25C0834C24458DB8001578D1 /* Montserrat-Bold.ttf */; };
		25C0834F24458DB8001578D1 /* Montserrat-Regular.ttf in Resources */ = {isa = PBXBuildFile; fileRef = 25C0834D24458DB8001578D1 /* Montserrat-Regular.ttf */; };
		25C0835224458E1B001578D1 /* SSFont.swift in Sources */ = {isa = PBXBuildFile; fileRef = 25C0835124458E1B001578D1 /* SSFont.swift */; };
		25C08354244590FE001578D1 /* Localizable.strings in Resources */ = {isa = PBXBuildFile; fileRef = 25C08353244590FE001578D1 /* Localizable.strings */; };
		25E0DF6C245783630061C293 /* OnboardingController.swift in Sources */ = {isa = PBXBuildFile; fileRef = 25E0DF66245783630061C293 /* OnboardingController.swift */; };
		25E0DF6D245783630061C293 /* OnboardingNavigator.swift in Sources */ = {isa = PBXBuildFile; fileRef = 25E0DF67245783630061C293 /* OnboardingNavigator.swift */; };
		25E0DF6E245783630061C293 /* OnboardingCell.xib in Resources */ = {isa = PBXBuildFile; fileRef = 25E0DF68245783630061C293 /* OnboardingCell.xib */; };
		25E0DF6F245783630061C293 /* OnboardingCell.swift in Sources */ = {isa = PBXBuildFile; fileRef = 25E0DF69245783630061C293 /* OnboardingCell.swift */; };
		25E0DF70245783630061C293 /* OboardingItemViewModel.swift in Sources */ = {isa = PBXBuildFile; fileRef = 25E0DF6A245783630061C293 /* OboardingItemViewModel.swift */; };
		25E0DF71245783630061C293 /* OnboardingController.xib in Resources */ = {isa = PBXBuildFile; fileRef = 25E0DF6B245783630061C293 /* OnboardingController.xib */; };
		25E0DF742457D9BD0061C293 /* UIViewControllerExtensions.swift in Sources */ = {isa = PBXBuildFile; fileRef = 25E0DF732457D9BD0061C293 /* UIViewControllerExtensions.swift */; };
		25E0DF762457DE490061C293 /* OnboardingViewModel.swift in Sources */ = {isa = PBXBuildFile; fileRef = 25E0DF752457DE490061C293 /* OnboardingViewModel.swift */; };
		25E0DF782457DF000061C293 /* ViewModelType.swift in Sources */ = {isa = PBXBuildFile; fileRef = 25E0DF772457DF000061C293 /* ViewModelType.swift */; };
		25E0DF7A2457E0290061C293 /* OnboardingControllerUI.swift in Sources */ = {isa = PBXBuildFile; fileRef = 25E0DF792457E0280061C293 /* OnboardingControllerUI.swift */; };
		25E0DF7C2457E5610061C293 /* ObservableExtensions.swift in Sources */ = {isa = PBXBuildFile; fileRef = 25E0DF7B2457E5610061C293 /* ObservableExtensions.swift */; };
		25E0DF7E2457F0E40061C293 /* ListsControllerUI.swift in Sources */ = {isa = PBXBuildFile; fileRef = 25E0DF7D2457F0E40061C293 /* ListsControllerUI.swift */; };
		25E0DF812457F6C70061C293 /* SettingNavigator.swift in Sources */ = {isa = PBXBuildFile; fileRef = 25E0DF802457F6C70061C293 /* SettingNavigator.swift */; };
		25E0DF832457F6D20061C293 /* SettingViewModel.swift in Sources */ = {isa = PBXBuildFile; fileRef = 25E0DF822457F6D20061C293 /* SettingViewModel.swift */; };
		25E0DF862457F6E50061C293 /* SettingController.swift in Sources */ = {isa = PBXBuildFile; fileRef = 25E0DF842457F6E50061C293 /* SettingController.swift */; };
		25E0DF872457F6E50061C293 /* SettingController.xib in Resources */ = {isa = PBXBuildFile; fileRef = 25E0DF852457F6E50061C293 /* SettingController.xib */; };
		25E0DF892457F7150061C293 /* SettingUI.swift in Sources */ = {isa = PBXBuildFile; fileRef = 25E0DF882457F7150061C293 /* SettingUI.swift */; };
		66B4C4C8789D890FC59117EC /* Pods_ListHub_Domain.framework in Frameworks */ = {isa = PBXBuildFile; fileRef = 959B8C57FE35B828C47E0812 /* Pods_ListHub_Domain.framework */; };
		E062459E99B20C2B4784705D /* Pods_ListHub.framework in Frameworks */ = {isa = PBXBuildFile; fileRef = 9F667AA7DF51E8F0F6ECCB40 /* Pods_ListHub.framework */; };
		FDA10ACD20A8962A00115234 /* Pods_ListHub_DatabaseManager.framework in Frameworks */ = {isa = PBXBuildFile; fileRef = 9966C368B73B84642C0D5AA5 /* Pods_ListHub_DatabaseManager.framework */; };
/* End PBXBuildFile section */

/* Begin PBXContainerItemProxy section */
		250DAB372458F254006C8895 /* PBXContainerItemProxy */ = {
			isa = PBXContainerItemProxy;
			containerPortal = 13B6C5F02443B136006BE51D /* Project object */;
			proxyType = 1;
			remoteGlobalIDString = 250DAB2C2458F254006C8895;
			remoteInfo = DatabaseManager;
		};
		250DAB392458F254006C8895 /* PBXContainerItemProxy */ = {
			isa = PBXContainerItemProxy;
			containerPortal = 13B6C5F02443B136006BE51D /* Project object */;
			proxyType = 1;
			remoteGlobalIDString = 13B6C5F72443B136006BE51D;
			remoteInfo = ListHub;
		};
		250DAB402458F254006C8895 /* PBXContainerItemProxy */ = {
			isa = PBXContainerItemProxy;
			containerPortal = 13B6C5F02443B136006BE51D /* Project object */;
			proxyType = 1;
			remoteGlobalIDString = 250DAB2C2458F254006C8895;
			remoteInfo = DatabaseManager;
		};
		250DAB5F245901A8006C8895 /* PBXContainerItemProxy */ = {
			isa = PBXContainerItemProxy;
			containerPortal = 13B6C5F02443B136006BE51D /* Project object */;
			proxyType = 1;
			remoteGlobalIDString = 250DAB54245901A8006C8895;
			remoteInfo = AppEngine;
		};
		250DAB61245901A8006C8895 /* PBXContainerItemProxy */ = {
			isa = PBXContainerItemProxy;
			containerPortal = 13B6C5F02443B136006BE51D /* Project object */;
			proxyType = 1;
			remoteGlobalIDString = 13B6C5F72443B136006BE51D;
			remoteInfo = ListHub;
		};
		250DAB68245901A8006C8895 /* PBXContainerItemProxy */ = {
			isa = PBXContainerItemProxy;
			containerPortal = 13B6C5F02443B136006BE51D /* Project object */;
			proxyType = 1;
			remoteGlobalIDString = 250DAB54245901A8006C8895;
			remoteInfo = AppEngine;
		};
		25C082F224457F67001578D1 /* PBXContainerItemProxy */ = {
			isa = PBXContainerItemProxy;
			containerPortal = 13B6C5F02443B136006BE51D /* Project object */;
			proxyType = 1;
			remoteGlobalIDString = 25C082EC24457F67001578D1;
			remoteInfo = Domain;
		};
/* End PBXContainerItemProxy section */

/* Begin PBXCopyFilesBuildPhase section */
		25C082F924457F67001578D1 /* Embed Frameworks */ = {
			isa = PBXCopyFilesBuildPhase;
			buildActionMask = 2147483647;
			dstPath = "";
			dstSubfolderSpec = 10;
			files = (
				25C082F524457F67001578D1 /* Domain.framework in Embed Frameworks */,
				250DAB6B245901A8006C8895 /* AppEngine.framework in Embed Frameworks */,
				250DAB432458F254006C8895 /* DatabaseManager.framework in Embed Frameworks */,
			);
			name = "Embed Frameworks";
			runOnlyForDeploymentPostprocessing = 0;
		};
/* End PBXCopyFilesBuildPhase section */

/* Begin PBXFileReference section */
		1308C0B0245C3A920095364A /* SimpleString.swift */ = {isa = PBXFileReference; lastKnownFileType = sourcecode.swift; path = SimpleString.swift; sourceTree = "<group>"; };
		1308C0B2245C42260095364A /* ComponetElements.swift */ = {isa = PBXFileReference; lastKnownFileType = sourcecode.swift; path = ComponetElements.swift; sourceTree = "<group>"; };
		139E4B0B245EAA300048FD4B /* ComponentType+SimpleString.swift */ = {isa = PBXFileReference; lastKnownFileType = sourcecode.swift; path = "ComponentType+SimpleString.swift"; sourceTree = "<group>"; };
		139E4B0E245EAA570048FD4B /* ComponentElements+SimpleString.swift */ = {isa = PBXFileReference; lastKnownFileType = sourcecode.swift; path = "ComponentElements+SimpleString.swift"; sourceTree = "<group>"; };
		139E4B10245EABCF0048FD4B /* PhoneNumber.swift */ = {isa = PBXFileReference; lastKnownFileType = sourcecode.swift; path = PhoneNumber.swift; sourceTree = "<group>"; };
		139E4B17245EAC970048FD4B /* PhoneNumberInputCell.swift */ = {isa = PBXFileReference; lastKnownFileType = sourcecode.swift; path = PhoneNumberInputCell.swift; sourceTree = "<group>"; };
		139E4B18245EAC970048FD4B /* PhoneNumberInputCell.xib */ = {isa = PBXFileReference; lastKnownFileType = file.xib; path = PhoneNumberInputCell.xib; sourceTree = "<group>"; };
		139E4B1B245EACA60048FD4B /* PhoneNumberInputViewModel.swift */ = {isa = PBXFileReference; lastKnownFileType = sourcecode.swift; path = PhoneNumberInputViewModel.swift; sourceTree = "<group>"; };
		139E4B1E245EACCB0048FD4B /* PhoneNumberOutputViewModel.swift */ = {isa = PBXFileReference; lastKnownFileType = sourcecode.swift; path = PhoneNumberOutputViewModel.swift; sourceTree = "<group>"; };
		139E4B20245EACDD0048FD4B /* PhoneNumberOutputCell.swift */ = {isa = PBXFileReference; lastKnownFileType = sourcecode.swift; path = PhoneNumberOutputCell.swift; sourceTree = "<group>"; };
		139E4B21245EACDD0048FD4B /* PhoneNumberOutputCell.xib */ = {isa = PBXFileReference; lastKnownFileType = file.xib; path = PhoneNumberOutputCell.xib; sourceTree = "<group>"; };
		139E4B24245EACF40048FD4B /* ComponentType+PhoneNumber.swift */ = {isa = PBXFileReference; lastKnownFileType = sourcecode.swift; path = "ComponentType+PhoneNumber.swift"; sourceTree = "<group>"; };
		13B6C5F82443B136006BE51D /* ListHub.app */ = {isa = PBXFileReference; explicitFileType = wrapper.application; includeInIndex = 0; path = ListHub.app; sourceTree = BUILT_PRODUCTS_DIR; };
		13B6C5FB2443B136006BE51D /* AppDelegate.swift */ = {isa = PBXFileReference; lastKnownFileType = sourcecode.swift; path = AppDelegate.swift; sourceTree = "<group>"; };
		13B6C5FD2443B136006BE51D /* SceneDelegate.swift */ = {isa = PBXFileReference; lastKnownFileType = sourcecode.swift; path = SceneDelegate.swift; sourceTree = "<group>"; };
		13B6C5FF2443B136006BE51D /* ListsController.swift */ = {isa = PBXFileReference; lastKnownFileType = sourcecode.swift; path = ListsController.swift; sourceTree = "<group>"; };
		13B6C6052443B136006BE51D /* ListHub.xcdatamodel */ = {isa = PBXFileReference; lastKnownFileType = wrapper.xcdatamodel; path = ListHub.xcdatamodel; sourceTree = "<group>"; };
		13B6C6072443B14E006BE51D /* Assets.xcassets */ = {isa = PBXFileReference; lastKnownFileType = folder.assetcatalog; path = Assets.xcassets; sourceTree = "<group>"; };
		13B6C60A2443B14E006BE51D /* Base */ = {isa = PBXFileReference; lastKnownFileType = file.storyboard; name = Base; path = Base.lproj/LaunchScreen.storyboard; sourceTree = "<group>"; };
		13B6C60C2443B14E006BE51D /* Info.plist */ = {isa = PBXFileReference; lastKnownFileType = text.plist.xml; path = Info.plist; sourceTree = "<group>"; };
		13CDB23C245D66CE00749829 /* SimpleStringInputCell.swift */ = {isa = PBXFileReference; lastKnownFileType = sourcecode.swift; path = SimpleStringInputCell.swift; sourceTree = "<group>"; };
		13CDB23D245D66CE00749829 /* SimpleStringInputCell.xib */ = {isa = PBXFileReference; lastKnownFileType = file.xib; path = SimpleStringInputCell.xib; sourceTree = "<group>"; };
		13CDB242245D695500749829 /* SimpleStringInputViewModel.swift */ = {isa = PBXFileReference; lastKnownFileType = sourcecode.swift; path = SimpleStringInputViewModel.swift; sourceTree = "<group>"; };
		13CDB245245D6B3D00749829 /* SimpleStringOutputCell.swift */ = {isa = PBXFileReference; lastKnownFileType = sourcecode.swift; path = SimpleStringOutputCell.swift; sourceTree = "<group>"; };
		13CDB246245D6B3D00749829 /* SimpleStringOutputCell.xib */ = {isa = PBXFileReference; lastKnownFileType = file.xib; path = SimpleStringOutputCell.xib; sourceTree = "<group>"; };
		13CDB249245D6C5700749829 /* SimpleStringOutputViewModel.swift */ = {isa = PBXFileReference; lastKnownFileType = sourcecode.swift; path = SimpleStringOutputViewModel.swift; sourceTree = "<group>"; };
		13CDB253245D759E00749829 /* Error+Composer.swift */ = {isa = PBXFileReference; lastKnownFileType = sourcecode.swift; path = "Error+Composer.swift"; sourceTree = "<group>"; };
		13CDB255245D918300749829 /* ComponentType+Composer.swift */ = {isa = PBXFileReference; lastKnownFileType = sourcecode.swift; path = "ComponentType+Composer.swift"; sourceTree = "<group>"; };
		250DAB2D2458F254006C8895 /* DatabaseManager.framework */ = {isa = PBXFileReference; explicitFileType = wrapper.framework; includeInIndex = 0; path = DatabaseManager.framework; sourceTree = BUILT_PRODUCTS_DIR; };
		250DAB2F2458F254006C8895 /* DatabaseManager.h */ = {isa = PBXFileReference; lastKnownFileType = sourcecode.c.h; path = DatabaseManager.h; sourceTree = "<group>"; };
		250DAB302458F254006C8895 /* Info.plist */ = {isa = PBXFileReference; lastKnownFileType = text.plist.xml; path = Info.plist; sourceTree = "<group>"; };
		250DAB352458F254006C8895 /* DatabaseManagerTests.xctest */ = {isa = PBXFileReference; explicitFileType = wrapper.cfbundle; includeInIndex = 0; path = DatabaseManagerTests.xctest; sourceTree = BUILT_PRODUCTS_DIR; };
		250DAB3C2458F254006C8895 /* DatabaseManagerTests.swift */ = {isa = PBXFileReference; lastKnownFileType = sourcecode.swift; path = DatabaseManagerTests.swift; sourceTree = "<group>"; };
		250DAB3E2458F254006C8895 /* Info.plist */ = {isa = PBXFileReference; lastKnownFileType = text.plist.xml; path = Info.plist; sourceTree = "<group>"; };
		250DAB55245901A8006C8895 /* AppEngine.framework */ = {isa = PBXFileReference; explicitFileType = wrapper.framework; includeInIndex = 0; path = AppEngine.framework; sourceTree = BUILT_PRODUCTS_DIR; };
		250DAB57245901A8006C8895 /* AppEngine.h */ = {isa = PBXFileReference; lastKnownFileType = sourcecode.c.h; path = AppEngine.h; sourceTree = "<group>"; };
		250DAB58245901A8006C8895 /* Info.plist */ = {isa = PBXFileReference; lastKnownFileType = text.plist.xml; path = Info.plist; sourceTree = "<group>"; };
		250DAB5D245901A8006C8895 /* AppEngineTests.xctest */ = {isa = PBXFileReference; explicitFileType = wrapper.cfbundle; includeInIndex = 0; path = AppEngineTests.xctest; sourceTree = BUILT_PRODUCTS_DIR; };
		250DAB64245901A8006C8895 /* AppEngineTests.swift */ = {isa = PBXFileReference; lastKnownFileType = sourcecode.swift; path = AppEngineTests.swift; sourceTree = "<group>"; };
		250DAB66245901A8006C8895 /* Info.plist */ = {isa = PBXFileReference; lastKnownFileType = text.plist.xml; path = Info.plist; sourceTree = "<group>"; };
		250DAB72245901B8006C8895 /* AppEngineManager.swift */ = {isa = PBXFileReference; lastKnownFileType = sourcecode.swift; path = AppEngineManager.swift; sourceTree = "<group>"; };
		250DAB7624591C05006C8895 /* DatabaseManager.swift */ = {isa = PBXFileReference; lastKnownFileType = sourcecode.swift; path = DatabaseManager.swift; sourceTree = "<group>"; };
		250DAB7B24592179006C8895 /* EngineManagerProtocol.swift */ = {isa = PBXFileReference; lastKnownFileType = sourcecode.swift; path = EngineManagerProtocol.swift; sourceTree = "<group>"; };
		250DAB7F245929E1006C8895 /* Constants.swift */ = {isa = PBXFileReference; lastKnownFileType = sourcecode.swift; path = Constants.swift; sourceTree = "<group>"; };
		250DAB8224592DA7006C8895 /* Icons.json */ = {isa = PBXFileReference; fileEncoding = 4; lastKnownFileType = text.json; path = Icons.json; sourceTree = "<group>"; };
		250DAB8524592E5A006C8895 /* SSMocker.swift */ = {isa = PBXFileReference; lastKnownFileType = sourcecode.swift; path = SSMocker.swift; sourceTree = "<group>"; };
		250DAB8724592E9B006C8895 /* IconModel.swift */ = {isa = PBXFileReference; lastKnownFileType = sourcecode.swift; path = IconModel.swift; sourceTree = "<group>"; };
		250DAB8A24593425006C8895 /* ListCell.swift */ = {isa = PBXFileReference; lastKnownFileType = sourcecode.swift; path = ListCell.swift; sourceTree = "<group>"; };
		250DAB8B24593425006C8895 /* ListCell.xib */ = {isa = PBXFileReference; lastKnownFileType = file.xib; path = ListCell.xib; sourceTree = "<group>"; };
		250DAB8E24593437006C8895 /* ListItemViewModel.swift */ = {isa = PBXFileReference; lastKnownFileType = sourcecode.swift; path = ListItemViewModel.swift; sourceTree = "<group>"; };
		250DAB90245A94A0006C8895 /* ListHubFonts.swift */ = {isa = PBXFileReference; lastKnownFileType = sourcecode.swift; path = ListHubFonts.swift; sourceTree = "<group>"; };
		2551B725245BC6E000BB3689 /* Empty.json */ = {isa = PBXFileReference; fileEncoding = 4; lastKnownFileType = text.json; path = Empty.json; sourceTree = "<group>"; };
		25C082E424457EEA001578D1 /* List Hub.entitlements */ = {isa = PBXFileReference; lastKnownFileType = text.plist.entitlements; path = "List Hub.entitlements"; sourceTree = "<group>"; };
		25C082E624457EF0001578D1 /* CloudKit.framework */ = {isa = PBXFileReference; lastKnownFileType = wrapper.framework; name = CloudKit.framework; path = System/Library/Frameworks/CloudKit.framework; sourceTree = SDKROOT; };
		25C082ED24457F67001578D1 /* Domain.framework */ = {isa = PBXFileReference; explicitFileType = wrapper.framework; includeInIndex = 0; path = Domain.framework; sourceTree = BUILT_PRODUCTS_DIR; };
		25C082EF24457F67001578D1 /* Domain.h */ = {isa = PBXFileReference; lastKnownFileType = sourcecode.c.h; path = Domain.h; sourceTree = "<group>"; };
		25C082F024457F67001578D1 /* Info.plist */ = {isa = PBXFileReference; lastKnownFileType = text.plist.xml; path = Info.plist; sourceTree = "<group>"; };
		25C082FA24457FCE001578D1 /* DataBaseProtocol.swift */ = {isa = PBXFileReference; fileEncoding = 4; lastKnownFileType = sourcecode.swift; path = DataBaseProtocol.swift; sourceTree = "<group>"; };
		25C0830224458071001578D1 /* ListModel.swift */ = {isa = PBXFileReference; lastKnownFileType = sourcecode.swift; path = ListModel.swift; sourceTree = "<group>"; };
		25C0830424458091001578D1 /* ComponentType.swift */ = {isa = PBXFileReference; lastKnownFileType = sourcecode.swift; name = ComponentType.swift; path = ../ComponentType.swift; sourceTree = "<group>"; };
		25C0830B2445817B001578D1 /* ListHubColor.swift */ = {isa = PBXFileReference; lastKnownFileType = sourcecode.swift; path = ListHubColor.swift; sourceTree = "<group>"; };
		25C0830E24458242001578D1 /* UIColorExtensions.swift */ = {isa = PBXFileReference; lastKnownFileType = sourcecode.swift; path = UIColorExtensions.swift; sourceTree = "<group>"; };
		25C0831224458394001578D1 /* Utility.swift */ = {isa = PBXFileReference; lastKnownFileType = sourcecode.swift; path = Utility.swift; sourceTree = "<group>"; };
		25C08314244583B8001578D1 /* Vibrator.swift */ = {isa = PBXFileReference; lastKnownFileType = sourcecode.swift; path = Vibrator.swift; sourceTree = "<group>"; };
		25C08317244583E2001578D1 /* Constants.swift */ = {isa = PBXFileReference; fileEncoding = 4; lastKnownFileType = sourcecode.swift; path = Constants.swift; sourceTree = "<group>"; };
		25C08319244583E3001578D1 /* StaticConstants.swift */ = {isa = PBXFileReference; fileEncoding = 4; lastKnownFileType = sourcecode.swift; path = StaticConstants.swift; sourceTree = "<group>"; };
		25C0831D24458496001578D1 /* UserDefaults.swift */ = {isa = PBXFileReference; lastKnownFileType = sourcecode.swift; path = UserDefaults.swift; sourceTree = "<group>"; };
		25C0831F244584B8001578D1 /* Defaults.swift */ = {isa = PBXFileReference; lastKnownFileType = sourcecode.swift; path = Defaults.swift; sourceTree = "<group>"; };
		25C08321244585AA001578D1 /* LanguageManager.swift */ = {isa = PBXFileReference; lastKnownFileType = sourcecode.swift; path = LanguageManager.swift; sourceTree = "<group>"; };
		25C08323244585D8001578D1 /* Application.swift */ = {isa = PBXFileReference; lastKnownFileType = sourcecode.swift; path = Application.swift; sourceTree = "<group>"; };
		25C0832624458804001578D1 /* MainNavigationController.swift */ = {isa = PBXFileReference; lastKnownFileType = sourcecode.swift; path = MainNavigationController.swift; sourceTree = "<group>"; };
		25C0832924458854001578D1 /* Navigator.swift */ = {isa = PBXFileReference; lastKnownFileType = sourcecode.swift; path = Navigator.swift; sourceTree = "<group>"; };
		25C0832C244588B9001578D1 /* SplashViewModel.swift */ = {isa = PBXFileReference; fileEncoding = 4; lastKnownFileType = sourcecode.swift; path = SplashViewModel.swift; sourceTree = "<group>"; };
		25C0832E244588C3001578D1 /* SplashViewController.swift */ = {isa = PBXFileReference; fileEncoding = 4; lastKnownFileType = sourcecode.swift; path = SplashViewController.swift; sourceTree = "<group>"; };
		25C0832F244588C3001578D1 /* SplashViewController.xib */ = {isa = PBXFileReference; fileEncoding = 4; lastKnownFileType = file.xib; path = SplashViewController.xib; sourceTree = "<group>"; };
		25C08330244588C4001578D1 /* SplashNavigator.swift */ = {isa = PBXFileReference; fileEncoding = 4; lastKnownFileType = sourcecode.swift; path = SplashNavigator.swift; sourceTree = "<group>"; };
		25C0833624458A86001578D1 /* ListsController.xib */ = {isa = PBXFileReference; lastKnownFileType = file.xib; path = ListsController.xib; sourceTree = "<group>"; };
		25C0833824458A9F001578D1 /* ListsNavigator.swift */ = {isa = PBXFileReference; lastKnownFileType = sourcecode.swift; path = ListsNavigator.swift; sourceTree = "<group>"; };
		25C0833A24458AC0001578D1 /* ListsViewModel.swift */ = {isa = PBXFileReference; lastKnownFileType = sourcecode.swift; path = ListsViewModel.swift; sourceTree = "<group>"; };
		25C0834524458D66001578D1 /* SoundEffects.swift */ = {isa = PBXFileReference; lastKnownFileType = sourcecode.swift; path = SoundEffects.swift; sourceTree = "<group>"; };
		25C0834724458D8A001578D1 /* SplashSound.mp3 */ = {isa = PBXFileReference; lastKnownFileType = audio.mp3; path = SplashSound.mp3; sourceTree = "<group>"; };
		25C0834824458D8B001578D1 /* ErrorSound.mp3 */ = {isa = PBXFileReference; lastKnownFileType = audio.mp3; path = ErrorSound.mp3; sourceTree = "<group>"; };
		25C0834C24458DB8001578D1 /* Montserrat-Bold.ttf */ = {isa = PBXFileReference; lastKnownFileType = file; path = "Montserrat-Bold.ttf"; sourceTree = "<group>"; };
		25C0834D24458DB8001578D1 /* Montserrat-Regular.ttf */ = {isa = PBXFileReference; lastKnownFileType = file; path = "Montserrat-Regular.ttf"; sourceTree = "<group>"; };
		25C0835124458E1B001578D1 /* SSFont.swift */ = {isa = PBXFileReference; lastKnownFileType = sourcecode.swift; path = SSFont.swift; sourceTree = "<group>"; };
		25C08353244590FE001578D1 /* Localizable.strings */ = {isa = PBXFileReference; lastKnownFileType = text.plist.strings; path = Localizable.strings; sourceTree = "<group>"; };
		25E0DF66245783630061C293 /* OnboardingController.swift */ = {isa = PBXFileReference; fileEncoding = 4; lastKnownFileType = sourcecode.swift; path = OnboardingController.swift; sourceTree = "<group>"; };
		25E0DF67245783630061C293 /* OnboardingNavigator.swift */ = {isa = PBXFileReference; fileEncoding = 4; lastKnownFileType = sourcecode.swift; path = OnboardingNavigator.swift; sourceTree = "<group>"; };
		25E0DF68245783630061C293 /* OnboardingCell.xib */ = {isa = PBXFileReference; fileEncoding = 4; lastKnownFileType = file.xib; name = OnboardingCell.xib; path = ../OnboardingCell.xib; sourceTree = "<group>"; };
		25E0DF69245783630061C293 /* OnboardingCell.swift */ = {isa = PBXFileReference; fileEncoding = 4; lastKnownFileType = sourcecode.swift; name = OnboardingCell.swift; path = ../OnboardingCell.swift; sourceTree = "<group>"; };
		25E0DF6A245783630061C293 /* OboardingItemViewModel.swift */ = {isa = PBXFileReference; fileEncoding = 4; lastKnownFileType = sourcecode.swift; name = OboardingItemViewModel.swift; path = ../OboardingItemViewModel.swift; sourceTree = "<group>"; };
		25E0DF6B245783630061C293 /* OnboardingController.xib */ = {isa = PBXFileReference; fileEncoding = 4; lastKnownFileType = file.xib; path = OnboardingController.xib; sourceTree = "<group>"; };
		25E0DF732457D9BD0061C293 /* UIViewControllerExtensions.swift */ = {isa = PBXFileReference; lastKnownFileType = sourcecode.swift; path = UIViewControllerExtensions.swift; sourceTree = "<group>"; };
		25E0DF752457DE490061C293 /* OnboardingViewModel.swift */ = {isa = PBXFileReference; lastKnownFileType = sourcecode.swift; path = OnboardingViewModel.swift; sourceTree = "<group>"; };
		25E0DF772457DF000061C293 /* ViewModelType.swift */ = {isa = PBXFileReference; fileEncoding = 4; lastKnownFileType = sourcecode.swift; path = ViewModelType.swift; sourceTree = "<group>"; };
		25E0DF792457E0280061C293 /* OnboardingControllerUI.swift */ = {isa = PBXFileReference; lastKnownFileType = sourcecode.swift; path = OnboardingControllerUI.swift; sourceTree = "<group>"; };
		25E0DF7B2457E5610061C293 /* ObservableExtensions.swift */ = {isa = PBXFileReference; lastKnownFileType = sourcecode.swift; path = ObservableExtensions.swift; sourceTree = "<group>"; };
		25E0DF7D2457F0E40061C293 /* ListsControllerUI.swift */ = {isa = PBXFileReference; lastKnownFileType = sourcecode.swift; path = ListsControllerUI.swift; sourceTree = "<group>"; };
		25E0DF802457F6C70061C293 /* SettingNavigator.swift */ = {isa = PBXFileReference; lastKnownFileType = sourcecode.swift; path = SettingNavigator.swift; sourceTree = "<group>"; };
		25E0DF822457F6D20061C293 /* SettingViewModel.swift */ = {isa = PBXFileReference; lastKnownFileType = sourcecode.swift; path = SettingViewModel.swift; sourceTree = "<group>"; };
		25E0DF842457F6E50061C293 /* SettingController.swift */ = {isa = PBXFileReference; lastKnownFileType = sourcecode.swift; path = SettingController.swift; sourceTree = "<group>"; };
		25E0DF852457F6E50061C293 /* SettingController.xib */ = {isa = PBXFileReference; lastKnownFileType = file.xib; path = SettingController.xib; sourceTree = "<group>"; };
		25E0DF882457F7150061C293 /* SettingUI.swift */ = {isa = PBXFileReference; lastKnownFileType = sourcecode.swift; path = SettingUI.swift; sourceTree = "<group>"; };
		4334846171AC3A0B2C40CC77 /* Pods-ListHub-Domain.release.xcconfig */ = {isa = PBXFileReference; includeInIndex = 1; lastKnownFileType = text.xcconfig; name = "Pods-ListHub-Domain.release.xcconfig"; path = "Target Support Files/Pods-ListHub-Domain/Pods-ListHub-Domain.release.xcconfig"; sourceTree = "<group>"; };
		4A8A6D6290CDBB134C4FB195 /* Pods-ListHub.debug.xcconfig */ = {isa = PBXFileReference; includeInIndex = 1; lastKnownFileType = text.xcconfig; name = "Pods-ListHub.debug.xcconfig"; path = "Target Support Files/Pods-ListHub/Pods-ListHub.debug.xcconfig"; sourceTree = "<group>"; };
		8C31D8FD1C4428AA861E52C9 /* Pods-ListHub-DatabaseManager.debug.xcconfig */ = {isa = PBXFileReference; includeInIndex = 1; lastKnownFileType = text.xcconfig; name = "Pods-ListHub-DatabaseManager.debug.xcconfig"; path = "Target Support Files/Pods-ListHub-DatabaseManager/Pods-ListHub-DatabaseManager.debug.xcconfig"; sourceTree = "<group>"; };
		959B8C57FE35B828C47E0812 /* Pods_ListHub_Domain.framework */ = {isa = PBXFileReference; explicitFileType = wrapper.framework; includeInIndex = 0; path = Pods_ListHub_Domain.framework; sourceTree = BUILT_PRODUCTS_DIR; };
		9966C368B73B84642C0D5AA5 /* Pods_ListHub_DatabaseManager.framework */ = {isa = PBXFileReference; explicitFileType = wrapper.framework; includeInIndex = 0; path = Pods_ListHub_DatabaseManager.framework; sourceTree = BUILT_PRODUCTS_DIR; };
		9E018653946CB9430B97D0D3 /* Pods-ListHub-DatabaseManager.release.xcconfig */ = {isa = PBXFileReference; includeInIndex = 1; lastKnownFileType = text.xcconfig; name = "Pods-ListHub-DatabaseManager.release.xcconfig"; path = "Target Support Files/Pods-ListHub-DatabaseManager/Pods-ListHub-DatabaseManager.release.xcconfig"; sourceTree = "<group>"; };
		9F667AA7DF51E8F0F6ECCB40 /* Pods_ListHub.framework */ = {isa = PBXFileReference; explicitFileType = wrapper.framework; includeInIndex = 0; path = Pods_ListHub.framework; sourceTree = BUILT_PRODUCTS_DIR; };
		BF3FBC1FB0582997D2A709F5 /* Pods-ListHub.release.xcconfig */ = {isa = PBXFileReference; includeInIndex = 1; lastKnownFileType = text.xcconfig; name = "Pods-ListHub.release.xcconfig"; path = "Target Support Files/Pods-ListHub/Pods-ListHub.release.xcconfig"; sourceTree = "<group>"; };
		F0EA56CC54BA050623CAD94B /* Pods-ListHub-Domain.debug.xcconfig */ = {isa = PBXFileReference; includeInIndex = 1; lastKnownFileType = text.xcconfig; name = "Pods-ListHub-Domain.debug.xcconfig"; path = "Target Support Files/Pods-ListHub-Domain/Pods-ListHub-Domain.debug.xcconfig"; sourceTree = "<group>"; };
/* End PBXFileReference section */

/* Begin PBXFrameworksBuildPhase section */
		13B6C5F52443B136006BE51D /* Frameworks */ = {
			isa = PBXFrameworksBuildPhase;
			buildActionMask = 2147483647;
			files = (
				25C082F424457F67001578D1 /* Domain.framework in Frameworks */,
				250DAB422458F254006C8895 /* DatabaseManager.framework in Frameworks */,
				250DAB6A245901A8006C8895 /* AppEngine.framework in Frameworks */,
				25C082E724457EF0001578D1 /* CloudKit.framework in Frameworks */,
				E062459E99B20C2B4784705D /* Pods_ListHub.framework in Frameworks */,
			);
			runOnlyForDeploymentPostprocessing = 0;
		};
		250DAB2A2458F254006C8895 /* Frameworks */ = {
			isa = PBXFrameworksBuildPhase;
			buildActionMask = 2147483647;
			files = (
				250DAB4F2459009B006C8895 /* Domain.framework in Frameworks */,
				FDA10ACD20A8962A00115234 /* Pods_ListHub_DatabaseManager.framework in Frameworks */,
			);
			runOnlyForDeploymentPostprocessing = 0;
		};
		250DAB322458F254006C8895 /* Frameworks */ = {
			isa = PBXFrameworksBuildPhase;
			buildActionMask = 2147483647;
			files = (
				250DAB362458F254006C8895 /* DatabaseManager.framework in Frameworks */,
			);
			runOnlyForDeploymentPostprocessing = 0;
		};
		250DAB52245901A8006C8895 /* Frameworks */ = {
			isa = PBXFrameworksBuildPhase;
			buildActionMask = 2147483647;
			files = (
				250DAB75245901D1006C8895 /* DatabaseManager.framework in Frameworks */,
				250DAB74245901CE006C8895 /* Domain.framework in Frameworks */,
			);
			runOnlyForDeploymentPostprocessing = 0;
		};
		250DAB5A245901A8006C8895 /* Frameworks */ = {
			isa = PBXFrameworksBuildPhase;
			buildActionMask = 2147483647;
			files = (
				250DAB5E245901A8006C8895 /* AppEngine.framework in Frameworks */,
			);
			runOnlyForDeploymentPostprocessing = 0;
		};
		25C082EA24457F67001578D1 /* Frameworks */ = {
			isa = PBXFrameworksBuildPhase;
			buildActionMask = 2147483647;
			files = (
				66B4C4C8789D890FC59117EC /* Pods_ListHub_Domain.framework in Frameworks */,
			);
			runOnlyForDeploymentPostprocessing = 0;
		};
/* End PBXFrameworksBuildPhase section */

/* Begin PBXGroup section */
		1308C0AD245C3A1A0095364A /* Components */ = {
			isa = PBXGroup;
			children = (
				13CDB252245D73A900749829 /* Items */,
				25C0830424458091001578D1 /* ComponentType.swift */,
				1308C0B2245C42260095364A /* ComponetElements.swift */,
			);
			path = Components;
			sourceTree = "<group>";
		};
		139E4B0D245EAA3B0048FD4B /* Extensions */ = {
			isa = PBXGroup;
			children = (
				139E4B0B245EAA300048FD4B /* ComponentType+SimpleString.swift */,
				139E4B0E245EAA570048FD4B /* ComponentElements+SimpleString.swift */,
			);
			path = Extensions;
			sourceTree = "<group>";
		};
		139E4B12245EABE80048FD4B /* PhoneNumber */ = {
			isa = PBXGroup;
			children = (
				139E4B15245EAC4F0048FD4B /* Extensions */,
				139E4B14245EAC490048FD4B /* Output */,
				139E4B13245EAC3D0048FD4B /* Input */,
			);
			path = PhoneNumber;
			sourceTree = "<group>";
		};
		139E4B13245EAC3D0048FD4B /* Input */ = {
			isa = PBXGroup;
			children = (
				139E4B16245EAC7D0048FD4B /* VM */,
				139E4B17245EAC970048FD4B /* PhoneNumberInputCell.swift */,
				139E4B18245EAC970048FD4B /* PhoneNumberInputCell.xib */,
			);
			path = Input;
			sourceTree = "<group>";
		};
		139E4B14245EAC490048FD4B /* Output */ = {
			isa = PBXGroup;
			children = (
				139E4B1D245EACAA0048FD4B /* VM */,
				139E4B20245EACDD0048FD4B /* PhoneNumberOutputCell.swift */,
				139E4B21245EACDD0048FD4B /* PhoneNumberOutputCell.xib */,
			);
			path = Output;
			sourceTree = "<group>";
		};
		139E4B15245EAC4F0048FD4B /* Extensions */ = {
			isa = PBXGroup;
			children = (
				139E4B24245EACF40048FD4B /* ComponentType+PhoneNumber.swift */,
			);
			path = Extensions;
			sourceTree = "<group>";
		};
		139E4B16245EAC7D0048FD4B /* VM */ = {
			isa = PBXGroup;
			children = (
				139E4B1B245EACA60048FD4B /* PhoneNumberInputViewModel.swift */,
			);
			path = VM;
			sourceTree = "<group>";
		};
		139E4B1D245EACAA0048FD4B /* VM */ = {
			isa = PBXGroup;
			children = (
				139E4B1E245EACCB0048FD4B /* PhoneNumberOutputViewModel.swift */,
			);
			path = VM;
			sourceTree = "<group>";
		};
		13B6C5EF2443B136006BE51D = {
			isa = PBXGroup;
			children = (
				13B6C5FA2443B136006BE51D /* ListHub */,
				25C082EE24457F67001578D1 /* Domain */,
				250DAB2E2458F254006C8895 /* DatabaseManager */,
				250DAB3B2458F254006C8895 /* DatabaseManagerTests */,
				250DAB56245901A8006C8895 /* AppEngine */,
				250DAB63245901A8006C8895 /* AppEngineTests */,
				13B6C5F92443B136006BE51D /* Products */,
				25C082E524457EF0001578D1 /* Frameworks */,
				3E53B766BD4362E17C7DB356 /* Pods */,
			);
			sourceTree = "<group>";
		};
		13B6C5F92443B136006BE51D /* Products */ = {
			isa = PBXGroup;
			children = (
				13B6C5F82443B136006BE51D /* ListHub.app */,
				25C082ED24457F67001578D1 /* Domain.framework */,
				250DAB2D2458F254006C8895 /* DatabaseManager.framework */,
				250DAB352458F254006C8895 /* DatabaseManagerTests.xctest */,
				250DAB55245901A8006C8895 /* AppEngine.framework */,
				250DAB5D245901A8006C8895 /* AppEngineTests.xctest */,
			);
			name = Products;
			sourceTree = "<group>";
		};
		13B6C5FA2443B136006BE51D /* ListHub */ = {
			isa = PBXGroup;
			children = (
				25C082E424457EEA001578D1 /* List Hub.entitlements */,
				25C08316244583D4001578D1 /* Useful */,
				25C0831124458388001578D1 /* Utils */,
				25C083092445814A001578D1 /* Resources */,
				13CDB238245D653D00749829 /* LHComponentViews */,
				25C083072445812F001578D1 /* Scenes */,
				25C08306244580B1001578D1 /* Configurations */,
				13B6C6042443B136006BE51D /* ListHub.xcdatamodeld */,
			);
			path = ListHub;
			sourceTree = "<group>";
		};
		13CDB238245D653D00749829 /* LHComponentViews */ = {
			isa = PBXGroup;
			children = (
				139E4B12245EABE80048FD4B /* PhoneNumber */,
				13CDB239245D65A100749829 /* SimpleString */,
				13CDB255245D918300749829 /* ComponentType+Composer.swift */,
			);
			path = LHComponentViews;
			sourceTree = "<group>";
		};
		13CDB239245D65A100749829 /* SimpleString */ = {
			isa = PBXGroup;
			children = (
				139E4B0D245EAA3B0048FD4B /* Extensions */,
				13CDB23B245D663800749829 /* Output */,
				13CDB23A245D663200749829 /* Input */,
			);
			path = SimpleString;
			sourceTree = "<group>";
		};
		13CDB23A245D663200749829 /* Input */ = {
			isa = PBXGroup;
			children = (
				13CDB240245D693600749829 /* VM */,
				13CDB23C245D66CE00749829 /* SimpleStringInputCell.swift */,
				13CDB23D245D66CE00749829 /* SimpleStringInputCell.xib */,
			);
			path = Input;
			sourceTree = "<group>";
		};
		13CDB23B245D663800749829 /* Output */ = {
			isa = PBXGroup;
			children = (
				13CDB244245D6B1400749829 /* VM */,
				13CDB245245D6B3D00749829 /* SimpleStringOutputCell.swift */,
				13CDB246245D6B3D00749829 /* SimpleStringOutputCell.xib */,
			);
			path = Output;
			sourceTree = "<group>";
		};
		13CDB240245D693600749829 /* VM */ = {
			isa = PBXGroup;
			children = (
				13CDB242245D695500749829 /* SimpleStringInputViewModel.swift */,
			);
			path = VM;
			sourceTree = "<group>";
		};
		13CDB244245D6B1400749829 /* VM */ = {
			isa = PBXGroup;
			children = (
				13CDB249245D6C5700749829 /* SimpleStringOutputViewModel.swift */,
			);
			path = VM;
			sourceTree = "<group>";
		};
		13CDB252245D73A900749829 /* Items */ = {
			isa = PBXGroup;
			children = (
				1308C0B0245C3A920095364A /* SimpleString.swift */,
				139E4B10245EABCF0048FD4B /* PhoneNumber.swift */,
			);
			path = Items;
			sourceTree = "<group>";
		};
		250DAB2E2458F254006C8895 /* DatabaseManager */ = {
			isa = PBXGroup;
			children = (
				250DAB7624591C05006C8895 /* DatabaseManager.swift */,
				250DAB2F2458F254006C8895 /* DatabaseManager.h */,
				250DAB302458F254006C8895 /* Info.plist */,
				250DAB7F245929E1006C8895 /* Constants.swift */,
			);
			path = DatabaseManager;
			sourceTree = "<group>";
		};
		250DAB3B2458F254006C8895 /* DatabaseManagerTests */ = {
			isa = PBXGroup;
			children = (
				250DAB3C2458F254006C8895 /* DatabaseManagerTests.swift */,
				250DAB3E2458F254006C8895 /* Info.plist */,
			);
			path = DatabaseManagerTests;
			sourceTree = "<group>";
		};
		250DAB56245901A8006C8895 /* AppEngine */ = {
			isa = PBXGroup;
			children = (
				250DAB72245901B8006C8895 /* AppEngineManager.swift */,
				250DAB57245901A8006C8895 /* AppEngine.h */,
				250DAB58245901A8006C8895 /* Info.plist */,
			);
			path = AppEngine;
			sourceTree = "<group>";
		};
		250DAB63245901A8006C8895 /* AppEngineTests */ = {
			isa = PBXGroup;
			children = (
				250DAB64245901A8006C8895 /* AppEngineTests.swift */,
				250DAB66245901A8006C8895 /* Info.plist */,
			);
			path = AppEngineTests;
			sourceTree = "<group>";
		};
		250DAB8124592D7F006C8895 /* Icons */ = {
			isa = PBXGroup;
			children = (
				250DAB8224592DA7006C8895 /* Icons.json */,
				250DAB8724592E9B006C8895 /* IconModel.swift */,
			);
			path = Icons;
			sourceTree = "<group>";
		};
		250DAB8424592E2B006C8895 /* Components */ = {
			isa = PBXGroup;
			children = (
				25C0831224458394001578D1 /* Utility.swift */,
				25C08314244583B8001578D1 /* Vibrator.swift */,
				25C0831D24458496001578D1 /* UserDefaults.swift */,
				25C08321244585AA001578D1 /* LanguageManager.swift */,
				25C0834524458D66001578D1 /* SoundEffects.swift */,
				250DAB8524592E5A006C8895 /* SSMocker.swift */,
			);
			path = Components;
			sourceTree = "<group>";
		};
		250DAB8924593411006C8895 /* Cell */ = {
			isa = PBXGroup;
			children = (
				250DAB8A24593425006C8895 /* ListCell.swift */,
				250DAB8B24593425006C8895 /* ListCell.xib */,
				250DAB8E24593437006C8895 /* ListItemViewModel.swift */,
			);
			path = Cell;
			sourceTree = "<group>";
		};
		2551B727245BC6ED00BB3689 /* Lottie */ = {
			isa = PBXGroup;
			children = (
				2551B725245BC6E000BB3689 /* Empty.json */,
			);
			path = Lottie;
			sourceTree = "<group>";
		};
		25C082E524457EF0001578D1 /* Frameworks */ = {
			isa = PBXGroup;
			children = (
				25C082E624457EF0001578D1 /* CloudKit.framework */,
				9F667AA7DF51E8F0F6ECCB40 /* Pods_ListHub.framework */,
				959B8C57FE35B828C47E0812 /* Pods_ListHub_Domain.framework */,
				9966C368B73B84642C0D5AA5 /* Pods_ListHub_DatabaseManager.framework */,
			);
			name = Frameworks;
			sourceTree = "<group>";
		};
		25C082EE24457F67001578D1 /* Domain */ = {
			isa = PBXGroup;
			children = (
				25C082FD24458007001578D1 /* Protocols */,
				25C082FC24457FFD001578D1 /* Entities */,
				25C082EF24457F67001578D1 /* Domain.h */,
				25C082F024457F67001578D1 /* Info.plist */,
			);
			path = Domain;
			sourceTree = "<group>";
		};
		25C082FC24457FFD001578D1 /* Entities */ = {
			isa = PBXGroup;
			children = (
				25C0830124458064001578D1 /* List */,
			);
			path = Entities;
			sourceTree = "<group>";
		};
		25C082FD24458007001578D1 /* Protocols */ = {
			isa = PBXGroup;
			children = (
				25E0DF772457DF000061C293 /* ViewModelType.swift */,
				25C082FA24457FCE001578D1 /* DataBaseProtocol.swift */,
				250DAB7B24592179006C8895 /* EngineManagerProtocol.swift */,
			);
			path = Protocols;
			sourceTree = "<group>";
		};
		25C0830124458064001578D1 /* List */ = {
			isa = PBXGroup;
			children = (
				1308C0AD245C3A1A0095364A /* Components */,
				25C0830224458071001578D1 /* ListModel.swift */,
			);
			path = List;
			sourceTree = "<group>";
		};
		25C08306244580B1001578D1 /* Configurations */ = {
			isa = PBXGroup;
			children = (
				13B6C60C2443B14E006BE51D /* Info.plist */,
				13B6C5FD2443B136006BE51D /* SceneDelegate.swift */,
				13B6C5FB2443B136006BE51D /* AppDelegate.swift */,
				25C08323244585D8001578D1 /* Application.swift */,
			);
			path = Configurations;
			sourceTree = "<group>";
		};
		25C083072445812F001578D1 /* Scenes */ = {
			isa = PBXGroup;
			children = (
				25E0DF7F2457F6BB0061C293 /* Setting */,
				25C0830824458137001578D1 /* Lists */,
				25C0833C24458C26001578D1 /* Onboarding */,
				25C0832B244588AC001578D1 /* Splash */,
				25C08325244587EC001578D1 /* Main */,
			);
			path = Scenes;
			sourceTree = "<group>";
		};
		25C0830824458137001578D1 /* Lists */ = {
			isa = PBXGroup;
			children = (
				250DAB8924593411006C8895 /* Cell */,
				13B6C5FF2443B136006BE51D /* ListsController.swift */,
				25C0833624458A86001578D1 /* ListsController.xib */,
				25C0833824458A9F001578D1 /* ListsNavigator.swift */,
				25C0833A24458AC0001578D1 /* ListsViewModel.swift */,
				25E0DF7D2457F0E40061C293 /* ListsControllerUI.swift */,
			);
			path = Lists;
			sourceTree = "<group>";
		};
		25C083092445814A001578D1 /* Resources */ = {
			isa = PBXGroup;
			children = (
				250DAB90245A94A0006C8895 /* ListHubFonts.swift */,
				25C0830B2445817B001578D1 /* ListHubColor.swift */,
				13B6C6072443B14E006BE51D /* Assets.xcassets */,
				25C08353244590FE001578D1 /* Localizable.strings */,
				2551B727245BC6ED00BB3689 /* Lottie */,
				250DAB8124592D7F006C8895 /* Icons */,
				25C0834B24458D9A001578D1 /* Sounds */,
				25C0830A2445815C001578D1 /* Fonts */,
			);
			path = Resources;
			sourceTree = "<group>";
		};
		25C0830A2445815C001578D1 /* Fonts */ = {
			isa = PBXGroup;
			children = (
				25C0835124458E1B001578D1 /* SSFont.swift */,
				25C0835024458DC0001578D1 /* Montserrat */,
			);
			path = Fonts;
			sourceTree = "<group>";
		};
		25C0830D2445822A001578D1 /* Extensions */ = {
			isa = PBXGroup;
			children = (
				25C0830E24458242001578D1 /* UIColorExtensions.swift */,
				25E0DF732457D9BD0061C293 /* UIViewControllerExtensions.swift */,
				25E0DF7B2457E5610061C293 /* ObservableExtensions.swift */,
				13CDB253245D759E00749829 /* Error+Composer.swift */,
			);
			path = Extensions;
			sourceTree = "<group>";
		};
		25C0831124458388001578D1 /* Utils */ = {
			isa = PBXGroup;
			children = (
				25C0830D2445822A001578D1 /* Extensions */,
				250DAB8424592E2B006C8895 /* Components */,
			);
			path = Utils;
			sourceTree = "<group>";
		};
		25C08316244583D4001578D1 /* Useful */ = {
			isa = PBXGroup;
			children = (
				25C08317244583E2001578D1 /* Constants.swift */,
				25C08319244583E3001578D1 /* StaticConstants.swift */,
				25C0831F244584B8001578D1 /* Defaults.swift */,
			);
			path = Useful;
			sourceTree = "<group>";
		};
		25C08325244587EC001578D1 /* Main */ = {
			isa = PBXGroup;
			children = (
				13B6C6092443B14E006BE51D /* LaunchScreen.storyboard */,
				25C0832624458804001578D1 /* MainNavigationController.swift */,
				25C0832924458854001578D1 /* Navigator.swift */,
			);
			path = Main;
			sourceTree = "<group>";
		};
		25C0832B244588AC001578D1 /* Splash */ = {
			isa = PBXGroup;
			children = (
				25C0832C244588B9001578D1 /* SplashViewModel.swift */,
				25C08330244588C4001578D1 /* SplashNavigator.swift */,
				25C0832E244588C3001578D1 /* SplashViewController.swift */,
				25C0832F244588C3001578D1 /* SplashViewController.xib */,
			);
			path = Splash;
			sourceTree = "<group>";
		};
		25C0833C24458C26001578D1 /* Onboarding */ = {
			isa = PBXGroup;
			children = (
				25E0DF722457846F0061C293 /* Cell */,
				25E0DF66245783630061C293 /* OnboardingController.swift */,
				25E0DF6B245783630061C293 /* OnboardingController.xib */,
				25E0DF67245783630061C293 /* OnboardingNavigator.swift */,
				25E0DF752457DE490061C293 /* OnboardingViewModel.swift */,
				25E0DF792457E0280061C293 /* OnboardingControllerUI.swift */,
			);
			path = Onboarding;
			sourceTree = "<group>";
		};
		25C0834B24458D9A001578D1 /* Sounds */ = {
			isa = PBXGroup;
			children = (
				25C0834824458D8B001578D1 /* ErrorSound.mp3 */,
				25C0834724458D8A001578D1 /* SplashSound.mp3 */,
			);
			path = Sounds;
			sourceTree = "<group>";
		};
		25C0835024458DC0001578D1 /* Montserrat */ = {
			isa = PBXGroup;
			children = (
				25C0834D24458DB8001578D1 /* Montserrat-Regular.ttf */,
				25C0834C24458DB8001578D1 /* Montserrat-Bold.ttf */,
			);
			path = Montserrat;
			sourceTree = "<group>";
		};
		25E0DF722457846F0061C293 /* Cell */ = {
			isa = PBXGroup;
			children = (
				25E0DF6A245783630061C293 /* OboardingItemViewModel.swift */,
				25E0DF69245783630061C293 /* OnboardingCell.swift */,
				25E0DF68245783630061C293 /* OnboardingCell.xib */,
			);
			path = Cell;
			sourceTree = "<group>";
		};
		25E0DF7F2457F6BB0061C293 /* Setting */ = {
			isa = PBXGroup;
			children = (
				25E0DF802457F6C70061C293 /* SettingNavigator.swift */,
				25E0DF822457F6D20061C293 /* SettingViewModel.swift */,
				25E0DF842457F6E50061C293 /* SettingController.swift */,
				25E0DF852457F6E50061C293 /* SettingController.xib */,
				25E0DF882457F7150061C293 /* SettingUI.swift */,
			);
			path = Setting;
			sourceTree = "<group>";
		};
		3E53B766BD4362E17C7DB356 /* Pods */ = {
			isa = PBXGroup;
			children = (
				4A8A6D6290CDBB134C4FB195 /* Pods-ListHub.debug.xcconfig */,
				BF3FBC1FB0582997D2A709F5 /* Pods-ListHub.release.xcconfig */,
				F0EA56CC54BA050623CAD94B /* Pods-ListHub-Domain.debug.xcconfig */,
				4334846171AC3A0B2C40CC77 /* Pods-ListHub-Domain.release.xcconfig */,
				8C31D8FD1C4428AA861E52C9 /* Pods-ListHub-DatabaseManager.debug.xcconfig */,
				9E018653946CB9430B97D0D3 /* Pods-ListHub-DatabaseManager.release.xcconfig */,
			);
			path = Pods;
			sourceTree = "<group>";
		};
/* End PBXGroup section */

/* Begin PBXHeadersBuildPhase section */
		250DAB282458F254006C8895 /* Headers */ = {
			isa = PBXHeadersBuildPhase;
			buildActionMask = 2147483647;
			files = (
				250DAB3F2458F254006C8895 /* DatabaseManager.h in Headers */,
			);
			runOnlyForDeploymentPostprocessing = 0;
		};
		250DAB50245901A8006C8895 /* Headers */ = {
			isa = PBXHeadersBuildPhase;
			buildActionMask = 2147483647;
			files = (
				250DAB67245901A8006C8895 /* AppEngine.h in Headers */,
			);
			runOnlyForDeploymentPostprocessing = 0;
		};
		25C082E824457F67001578D1 /* Headers */ = {
			isa = PBXHeadersBuildPhase;
			buildActionMask = 2147483647;
			files = (
				25C082F124457F67001578D1 /* Domain.h in Headers */,
			);
			runOnlyForDeploymentPostprocessing = 0;
		};
/* End PBXHeadersBuildPhase section */

/* Begin PBXNativeTarget section */
		13B6C5F72443B136006BE51D /* ListHub */ = {
			isa = PBXNativeTarget;
			buildConfigurationList = 13B6C60F2443B14E006BE51D /* Build configuration list for PBXNativeTarget "ListHub" */;
			buildPhases = (
				7A855D4E51E0CA637C012119 /* [CP] Check Pods Manifest.lock */,
				13B6C5F42443B136006BE51D /* Sources */,
				13B6C5F52443B136006BE51D /* Frameworks */,
				13B6C5F62443B136006BE51D /* Resources */,
				25C082F924457F67001578D1 /* Embed Frameworks */,
				FD9DACF0020BD9A537223A18 /* [CP] Embed Pods Frameworks */,
			);
			buildRules = (
			);
			dependencies = (
				25C082F324457F67001578D1 /* PBXTargetDependency */,
				250DAB412458F254006C8895 /* PBXTargetDependency */,
				250DAB69245901A8006C8895 /* PBXTargetDependency */,
			);
			name = ListHub;
			productName = ListHub;
			productReference = 13B6C5F82443B136006BE51D /* ListHub.app */;
			productType = "com.apple.product-type.application";
		};
		250DAB2C2458F254006C8895 /* DatabaseManager */ = {
			isa = PBXNativeTarget;
			buildConfigurationList = 250DAB442458F254006C8895 /* Build configuration list for PBXNativeTarget "DatabaseManager" */;
			buildPhases = (
				E7EA723314A8B755E7F2C17F /* [CP] Check Pods Manifest.lock */,
				250DAB282458F254006C8895 /* Headers */,
				250DAB292458F254006C8895 /* Sources */,
				250DAB2A2458F254006C8895 /* Frameworks */,
				250DAB2B2458F254006C8895 /* Resources */,
			);
			buildRules = (
			);
			dependencies = (
			);
			name = DatabaseManager;
			productName = DatabaseManager;
			productReference = 250DAB2D2458F254006C8895 /* DatabaseManager.framework */;
			productType = "com.apple.product-type.framework";
		};
		250DAB342458F254006C8895 /* DatabaseManagerTests */ = {
			isa = PBXNativeTarget;
			buildConfigurationList = 250DAB472458F254006C8895 /* Build configuration list for PBXNativeTarget "DatabaseManagerTests" */;
			buildPhases = (
				250DAB312458F254006C8895 /* Sources */,
				250DAB322458F254006C8895 /* Frameworks */,
				250DAB332458F254006C8895 /* Resources */,
			);
			buildRules = (
			);
			dependencies = (
				250DAB382458F254006C8895 /* PBXTargetDependency */,
				250DAB3A2458F254006C8895 /* PBXTargetDependency */,
			);
			name = DatabaseManagerTests;
			productName = DatabaseManagerTests;
			productReference = 250DAB352458F254006C8895 /* DatabaseManagerTests.xctest */;
			productType = "com.apple.product-type.bundle.unit-test";
		};
		250DAB54245901A8006C8895 /* AppEngine */ = {
			isa = PBXNativeTarget;
			buildConfigurationList = 250DAB6C245901A8006C8895 /* Build configuration list for PBXNativeTarget "AppEngine" */;
			buildPhases = (
				250DAB50245901A8006C8895 /* Headers */,
				250DAB51245901A8006C8895 /* Sources */,
				250DAB52245901A8006C8895 /* Frameworks */,
				250DAB53245901A8006C8895 /* Resources */,
			);
			buildRules = (
			);
			dependencies = (
			);
			name = AppEngine;
			productName = AppEngine;
			productReference = 250DAB55245901A8006C8895 /* AppEngine.framework */;
			productType = "com.apple.product-type.framework";
		};
		250DAB5C245901A8006C8895 /* AppEngineTests */ = {
			isa = PBXNativeTarget;
			buildConfigurationList = 250DAB6F245901A8006C8895 /* Build configuration list for PBXNativeTarget "AppEngineTests" */;
			buildPhases = (
				250DAB59245901A8006C8895 /* Sources */,
				250DAB5A245901A8006C8895 /* Frameworks */,
				250DAB5B245901A8006C8895 /* Resources */,
			);
			buildRules = (
			);
			dependencies = (
				250DAB60245901A8006C8895 /* PBXTargetDependency */,
				250DAB62245901A8006C8895 /* PBXTargetDependency */,
			);
			name = AppEngineTests;
			productName = AppEngineTests;
			productReference = 250DAB5D245901A8006C8895 /* AppEngineTests.xctest */;
			productType = "com.apple.product-type.bundle.unit-test";
		};
		25C082EC24457F67001578D1 /* Domain */ = {
			isa = PBXNativeTarget;
			buildConfigurationList = 25C082F624457F67001578D1 /* Build configuration list for PBXNativeTarget "Domain" */;
			buildPhases = (
				F40718E9302936912D965BAC /* [CP] Check Pods Manifest.lock */,
				25C082E824457F67001578D1 /* Headers */,
				25C082E924457F67001578D1 /* Sources */,
				25C082EA24457F67001578D1 /* Frameworks */,
				25C082EB24457F67001578D1 /* Resources */,
			);
			buildRules = (
			);
			dependencies = (
			);
			name = Domain;
			productName = Domain;
			productReference = 25C082ED24457F67001578D1 /* Domain.framework */;
			productType = "com.apple.product-type.framework";
		};
/* End PBXNativeTarget section */

/* Begin PBXProject section */
		13B6C5F02443B136006BE51D /* Project object */ = {
			isa = PBXProject;
			attributes = {
				LastSwiftUpdateCheck = 1130;
				LastUpgradeCheck = 1130;
				ORGANIZATIONNAME = BEKSAS;
				TargetAttributes = {
					13B6C5F72443B136006BE51D = {
						CreatedOnToolsVersion = 11.3.1;
					};
					250DAB2C2458F254006C8895 = {
						CreatedOnToolsVersion = 11.3.1;
						LastSwiftMigration = 1130;
					};
					250DAB342458F254006C8895 = {
						CreatedOnToolsVersion = 11.3.1;
						TestTargetID = 13B6C5F72443B136006BE51D;
					};
					250DAB54245901A8006C8895 = {
						CreatedOnToolsVersion = 11.3.1;
						LastSwiftMigration = 1130;
					};
					250DAB5C245901A8006C8895 = {
						CreatedOnToolsVersion = 11.3.1;
						TestTargetID = 13B6C5F72443B136006BE51D;
					};
					25C082EC24457F67001578D1 = {
						CreatedOnToolsVersion = 11.3.1;
						LastSwiftMigration = 1130;
					};
				};
			};
			buildConfigurationList = 13B6C5F32443B136006BE51D /* Build configuration list for PBXProject "ListHub" */;
			compatibilityVersion = "Xcode 9.3";
			developmentRegion = en;
			hasScannedForEncodings = 0;
			knownRegions = (
				en,
				Base,
			);
			mainGroup = 13B6C5EF2443B136006BE51D;
			productRefGroup = 13B6C5F92443B136006BE51D /* Products */;
			projectDirPath = "";
			projectRoot = "";
			targets = (
				13B6C5F72443B136006BE51D /* ListHub */,
				25C082EC24457F67001578D1 /* Domain */,
				250DAB2C2458F254006C8895 /* DatabaseManager */,
				250DAB342458F254006C8895 /* DatabaseManagerTests */,
				250DAB54245901A8006C8895 /* AppEngine */,
				250DAB5C245901A8006C8895 /* AppEngineTests */,
			);
		};
/* End PBXProject section */

/* Begin PBXResourcesBuildPhase section */
		13B6C5F62443B136006BE51D /* Resources */ = {
			isa = PBXResourcesBuildPhase;
			buildActionMask = 2147483647;
			files = (
				13CDB248245D6B3D00749829 /* SimpleStringOutputCell.xib in Resources */,
				250DAB8324592DA7006C8895 /* Icons.json in Resources */,
				25C0834F24458DB8001578D1 /* Montserrat-Regular.ttf in Resources */,
				139E4B23245EACDD0048FD4B /* PhoneNumberOutputCell.xib in Resources */,
				13B6C60B2443B14E006BE51D /* LaunchScreen.storyboard in Resources */,
				139E4B1A245EAC970048FD4B /* PhoneNumberInputCell.xib in Resources */,
				25C08332244588C4001578D1 /* SplashViewController.xib in Resources */,
				13B6C6082443B14E006BE51D /* Assets.xcassets in Resources */,
				25E0DF872457F6E50061C293 /* SettingController.xib in Resources */,
				25C08354244590FE001578D1 /* Localizable.strings in Resources */,
				25C0834E24458DB8001578D1 /* Montserrat-Bold.ttf in Resources */,
				25C0833724458A86001578D1 /* ListsController.xib in Resources */,
				25C0834924458D8B001578D1 /* SplashSound.mp3 in Resources */,
				25E0DF6E245783630061C293 /* OnboardingCell.xib in Resources */,
				13CDB23F245D66CE00749829 /* SimpleStringInputCell.xib in Resources */,
				25E0DF71245783630061C293 /* OnboardingController.xib in Resources */,
				25C0834A24458D8B001578D1 /* ErrorSound.mp3 in Resources */,
				2551B726245BC6E000BB3689 /* Empty.json in Resources */,
				250DAB8D24593425006C8895 /* ListCell.xib in Resources */,
			);
			runOnlyForDeploymentPostprocessing = 0;
		};
		250DAB2B2458F254006C8895 /* Resources */ = {
			isa = PBXResourcesBuildPhase;
			buildActionMask = 2147483647;
			files = (
			);
			runOnlyForDeploymentPostprocessing = 0;
		};
		250DAB332458F254006C8895 /* Resources */ = {
			isa = PBXResourcesBuildPhase;
			buildActionMask = 2147483647;
			files = (
			);
			runOnlyForDeploymentPostprocessing = 0;
		};
		250DAB53245901A8006C8895 /* Resources */ = {
			isa = PBXResourcesBuildPhase;
			buildActionMask = 2147483647;
			files = (
			);
			runOnlyForDeploymentPostprocessing = 0;
		};
		250DAB5B245901A8006C8895 /* Resources */ = {
			isa = PBXResourcesBuildPhase;
			buildActionMask = 2147483647;
			files = (
			);
			runOnlyForDeploymentPostprocessing = 0;
		};
		25C082EB24457F67001578D1 /* Resources */ = {
			isa = PBXResourcesBuildPhase;
			buildActionMask = 2147483647;
			files = (
			);
			runOnlyForDeploymentPostprocessing = 0;
		};
/* End PBXResourcesBuildPhase section */

/* Begin PBXShellScriptBuildPhase section */
		7A855D4E51E0CA637C012119 /* [CP] Check Pods Manifest.lock */ = {
			isa = PBXShellScriptBuildPhase;
			buildActionMask = 2147483647;
			files = (
			);
			inputFileListPaths = (
			);
			inputPaths = (
				"${PODS_PODFILE_DIR_PATH}/Podfile.lock",
				"${PODS_ROOT}/Manifest.lock",
			);
			name = "[CP] Check Pods Manifest.lock";
			outputFileListPaths = (
			);
			outputPaths = (
				"$(DERIVED_FILE_DIR)/Pods-ListHub-checkManifestLockResult.txt",
			);
			runOnlyForDeploymentPostprocessing = 0;
			shellPath = /bin/sh;
			shellScript = "diff \"${PODS_PODFILE_DIR_PATH}/Podfile.lock\" \"${PODS_ROOT}/Manifest.lock\" > /dev/null\nif [ $? != 0 ] ; then\n    # print error to STDERR\n    echo \"error: The sandbox is not in sync with the Podfile.lock. Run 'pod install' or update your CocoaPods installation.\" >&2\n    exit 1\nfi\n# This output is used by Xcode 'outputs' to avoid re-running this script phase.\necho \"SUCCESS\" > \"${SCRIPT_OUTPUT_FILE_0}\"\n";
			showEnvVarsInLog = 0;
		};
		E7EA723314A8B755E7F2C17F /* [CP] Check Pods Manifest.lock */ = {
			isa = PBXShellScriptBuildPhase;
			buildActionMask = 2147483647;
			files = (
			);
			inputFileListPaths = (
			);
			inputPaths = (
				"${PODS_PODFILE_DIR_PATH}/Podfile.lock",
				"${PODS_ROOT}/Manifest.lock",
			);
			name = "[CP] Check Pods Manifest.lock";
			outputFileListPaths = (
			);
			outputPaths = (
				"$(DERIVED_FILE_DIR)/Pods-ListHub-DatabaseManager-checkManifestLockResult.txt",
			);
			runOnlyForDeploymentPostprocessing = 0;
			shellPath = /bin/sh;
			shellScript = "diff \"${PODS_PODFILE_DIR_PATH}/Podfile.lock\" \"${PODS_ROOT}/Manifest.lock\" > /dev/null\nif [ $? != 0 ] ; then\n    # print error to STDERR\n    echo \"error: The sandbox is not in sync with the Podfile.lock. Run 'pod install' or update your CocoaPods installation.\" >&2\n    exit 1\nfi\n# This output is used by Xcode 'outputs' to avoid re-running this script phase.\necho \"SUCCESS\" > \"${SCRIPT_OUTPUT_FILE_0}\"\n";
			showEnvVarsInLog = 0;
		};
		F40718E9302936912D965BAC /* [CP] Check Pods Manifest.lock */ = {
			isa = PBXShellScriptBuildPhase;
			buildActionMask = 2147483647;
			files = (
			);
			inputFileListPaths = (
			);
			inputPaths = (
				"${PODS_PODFILE_DIR_PATH}/Podfile.lock",
				"${PODS_ROOT}/Manifest.lock",
			);
			name = "[CP] Check Pods Manifest.lock";
			outputFileListPaths = (
			);
			outputPaths = (
				"$(DERIVED_FILE_DIR)/Pods-ListHub-Domain-checkManifestLockResult.txt",
			);
			runOnlyForDeploymentPostprocessing = 0;
			shellPath = /bin/sh;
			shellScript = "diff \"${PODS_PODFILE_DIR_PATH}/Podfile.lock\" \"${PODS_ROOT}/Manifest.lock\" > /dev/null\nif [ $? != 0 ] ; then\n    # print error to STDERR\n    echo \"error: The sandbox is not in sync with the Podfile.lock. Run 'pod install' or update your CocoaPods installation.\" >&2\n    exit 1\nfi\n# This output is used by Xcode 'outputs' to avoid re-running this script phase.\necho \"SUCCESS\" > \"${SCRIPT_OUTPUT_FILE_0}\"\n";
			showEnvVarsInLog = 0;
		};
		FD9DACF0020BD9A537223A18 /* [CP] Embed Pods Frameworks */ = {
			isa = PBXShellScriptBuildPhase;
			buildActionMask = 2147483647;
			files = (
			);
			inputFileListPaths = (
				"${PODS_ROOT}/Target Support Files/Pods-ListHub/Pods-ListHub-frameworks-${CONFIGURATION}-input-files.xcfilelist",
			);
			name = "[CP] Embed Pods Frameworks";
			outputFileListPaths = (
				"${PODS_ROOT}/Target Support Files/Pods-ListHub/Pods-ListHub-frameworks-${CONFIGURATION}-output-files.xcfilelist",
			);
			runOnlyForDeploymentPostprocessing = 0;
			shellPath = /bin/sh;
			shellScript = "\"${PODS_ROOT}/Target Support Files/Pods-ListHub/Pods-ListHub-frameworks.sh\"\n";
			showEnvVarsInLog = 0;
		};
/* End PBXShellScriptBuildPhase section */

/* Begin PBXSourcesBuildPhase section */
		13B6C5F42443B136006BE51D /* Sources */ = {
			isa = PBXSourcesBuildPhase;
			buildActionMask = 2147483647;
			files = (
				13CDB243245D695500749829 /* SimpleStringInputViewModel.swift in Sources */,
				250DAB8624592E5A006C8895 /* SSMocker.swift in Sources */,
				139E4B1F245EACCB0048FD4B /* PhoneNumberOutputViewModel.swift in Sources */,
				25E0DF7A2457E0290061C293 /* OnboardingControllerUI.swift in Sources */,
				139E4B1C245EACA60048FD4B /* PhoneNumberInputViewModel.swift in Sources */,
				25C0835224458E1B001578D1 /* SSFont.swift in Sources */,
				25C0832724458804001578D1 /* MainNavigationController.swift in Sources */,
				25E0DF7E2457F0E40061C293 /* ListsControllerUI.swift in Sources */,
				25C0831324458394001578D1 /* Utility.swift in Sources */,
				139E4B22245EACDD0048FD4B /* PhoneNumberOutputCell.swift in Sources */,
				25E0DF812457F6C70061C293 /* SettingNavigator.swift in Sources */,
				25C08322244585AA001578D1 /* LanguageManager.swift in Sources */,
				25C08331244588C4001578D1 /* SplashViewController.swift in Sources */,
				25C0831C244583E3001578D1 /* StaticConstants.swift in Sources */,
				13B6C6002443B136006BE51D /* ListsController.swift in Sources */,
				25C0832A24458854001578D1 /* Navigator.swift in Sources */,
				25E0DF6C245783630061C293 /* OnboardingController.swift in Sources */,
				250DAB8C24593425006C8895 /* ListCell.swift in Sources */,
				13CDB24A245D6C5700749829 /* SimpleStringOutputViewModel.swift in Sources */,
				25C0833924458A9F001578D1 /* ListsNavigator.swift in Sources */,
				25C0834624458D66001578D1 /* SoundEffects.swift in Sources */,
				13CDB247245D6B3D00749829 /* SimpleStringOutputCell.swift in Sources */,
				25C0831E24458496001578D1 /* UserDefaults.swift in Sources */,
				13CDB23E245D66CE00749829 /* SimpleStringInputCell.swift in Sources */,
				13CDB254245D759E00749829 /* Error+Composer.swift in Sources */,
				13CDB256245D918300749829 /* ComponentType+Composer.swift in Sources */,
				139E4B0F245EAA570048FD4B /* ComponentElements+SimpleString.swift in Sources */,
				25E0DF6D245783630061C293 /* OnboardingNavigator.swift in Sources */,
				250DAB8824592E9B006C8895 /* IconModel.swift in Sources */,
				25C08315244583B8001578D1 /* Vibrator.swift in Sources */,
				13B6C5FC2443B136006BE51D /* AppDelegate.swift in Sources */,
				139E4B25245EACF40048FD4B /* ComponentType+PhoneNumber.swift in Sources */,
				25E0DF7C2457E5610061C293 /* ObservableExtensions.swift in Sources */,
				25C0830C2445817B001578D1 /* ListHubColor.swift in Sources */,
				25E0DF862457F6E50061C293 /* SettingController.swift in Sources */,
				25E0DF762457DE490061C293 /* OnboardingViewModel.swift in Sources */,
				25C0833B24458AC0001578D1 /* ListsViewModel.swift in Sources */,
				25C08333244588C4001578D1 /* SplashNavigator.swift in Sources */,
				25E0DF832457F6D20061C293 /* SettingViewModel.swift in Sources */,
				250DAB8F24593437006C8895 /* ListItemViewModel.swift in Sources */,
				25E0DF70245783630061C293 /* OboardingItemViewModel.swift in Sources */,
				25C08324244585D8001578D1 /* Application.swift in Sources */,
				139E4B19245EAC970048FD4B /* PhoneNumberInputCell.swift in Sources */,
				25E0DF742457D9BD0061C293 /* UIViewControllerExtensions.swift in Sources */,
				25C0832D244588B9001578D1 /* SplashViewModel.swift in Sources */,
				25C0830F24458242001578D1 /* UIColorExtensions.swift in Sources */,
				139E4B0C245EAA300048FD4B /* ComponentType+SimpleString.swift in Sources */,
				25E0DF892457F7150061C293 /* SettingUI.swift in Sources */,
				13B6C5FE2443B136006BE51D /* SceneDelegate.swift in Sources */,
				250DAB91245A94A0006C8895 /* ListHubFonts.swift in Sources */,
				25E0DF6F245783630061C293 /* OnboardingCell.swift in Sources */,
				25C08320244584B8001578D1 /* Defaults.swift in Sources */,
				13B6C6062443B136006BE51D /* ListHub.xcdatamodeld in Sources */,
				25C0831A244583E3001578D1 /* Constants.swift in Sources */,
			);
			runOnlyForDeploymentPostprocessing = 0;
		};
		250DAB292458F254006C8895 /* Sources */ = {
			isa = PBXSourcesBuildPhase;
			buildActionMask = 2147483647;
			files = (
				250DAB7724591C05006C8895 /* DatabaseManager.swift in Sources */,
				250DAB80245929E1006C8895 /* Constants.swift in Sources */,
			);
			runOnlyForDeploymentPostprocessing = 0;
		};
		250DAB312458F254006C8895 /* Sources */ = {
			isa = PBXSourcesBuildPhase;
			buildActionMask = 2147483647;
			files = (
				250DAB3D2458F254006C8895 /* DatabaseManagerTests.swift in Sources */,
			);
			runOnlyForDeploymentPostprocessing = 0;
		};
		250DAB51245901A8006C8895 /* Sources */ = {
			isa = PBXSourcesBuildPhase;
			buildActionMask = 2147483647;
			files = (
				250DAB73245901B8006C8895 /* AppEngineManager.swift in Sources */,
			);
			runOnlyForDeploymentPostprocessing = 0;
		};
		250DAB59245901A8006C8895 /* Sources */ = {
			isa = PBXSourcesBuildPhase;
			buildActionMask = 2147483647;
			files = (
				250DAB65245901A8006C8895 /* AppEngineTests.swift in Sources */,
			);
			runOnlyForDeploymentPostprocessing = 0;
		};
		25C082E924457F67001578D1 /* Sources */ = {
			isa = PBXSourcesBuildPhase;
			buildActionMask = 2147483647;
			files = (
				25C0830324458071001578D1 /* ListModel.swift in Sources */,
				250DAB7C24592179006C8895 /* EngineManagerProtocol.swift in Sources */,
				25C082FB24457FCF001578D1 /* DataBaseProtocol.swift in Sources */,
				25E0DF782457DF000061C293 /* ViewModelType.swift in Sources */,
				25C0830524458091001578D1 /* ComponentType.swift in Sources */,
				1308C0B3245C42260095364A /* ComponetElements.swift in Sources */,
				1308C0B1245C3A920095364A /* SimpleString.swift in Sources */,
				139E4B11245EABCF0048FD4B /* PhoneNumber.swift in Sources */,
			);
			runOnlyForDeploymentPostprocessing = 0;
		};
/* End PBXSourcesBuildPhase section */

/* Begin PBXTargetDependency section */
		250DAB382458F254006C8895 /* PBXTargetDependency */ = {
			isa = PBXTargetDependency;
			target = 250DAB2C2458F254006C8895 /* DatabaseManager */;
			targetProxy = 250DAB372458F254006C8895 /* PBXContainerItemProxy */;
		};
		250DAB3A2458F254006C8895 /* PBXTargetDependency */ = {
			isa = PBXTargetDependency;
			target = 13B6C5F72443B136006BE51D /* ListHub */;
			targetProxy = 250DAB392458F254006C8895 /* PBXContainerItemProxy */;
		};
		250DAB412458F254006C8895 /* PBXTargetDependency */ = {
			isa = PBXTargetDependency;
			target = 250DAB2C2458F254006C8895 /* DatabaseManager */;
			targetProxy = 250DAB402458F254006C8895 /* PBXContainerItemProxy */;
		};
		250DAB60245901A8006C8895 /* PBXTargetDependency */ = {
			isa = PBXTargetDependency;
			target = 250DAB54245901A8006C8895 /* AppEngine */;
			targetProxy = 250DAB5F245901A8006C8895 /* PBXContainerItemProxy */;
		};
		250DAB62245901A8006C8895 /* PBXTargetDependency */ = {
			isa = PBXTargetDependency;
			target = 13B6C5F72443B136006BE51D /* ListHub */;
			targetProxy = 250DAB61245901A8006C8895 /* PBXContainerItemProxy */;
		};
		250DAB69245901A8006C8895 /* PBXTargetDependency */ = {
			isa = PBXTargetDependency;
			target = 250DAB54245901A8006C8895 /* AppEngine */;
			targetProxy = 250DAB68245901A8006C8895 /* PBXContainerItemProxy */;
		};
		25C082F324457F67001578D1 /* PBXTargetDependency */ = {
			isa = PBXTargetDependency;
			target = 25C082EC24457F67001578D1 /* Domain */;
			targetProxy = 25C082F224457F67001578D1 /* PBXContainerItemProxy */;
		};
/* End PBXTargetDependency section */

/* Begin PBXVariantGroup section */
		13B6C6092443B14E006BE51D /* LaunchScreen.storyboard */ = {
			isa = PBXVariantGroup;
			children = (
				13B6C60A2443B14E006BE51D /* Base */,
			);
			name = LaunchScreen.storyboard;
			sourceTree = "<group>";
		};
/* End PBXVariantGroup section */

/* Begin XCBuildConfiguration section */
		13B6C60D2443B14E006BE51D /* Debug */ = {
			isa = XCBuildConfiguration;
			buildSettings = {
				ALWAYS_SEARCH_USER_PATHS = NO;
				CLANG_ANALYZER_LOCALIZABILITY_NONLOCALIZED = YES;
				CLANG_ANALYZER_NONNULL = YES;
				CLANG_ANALYZER_NUMBER_OBJECT_CONVERSION = YES_AGGRESSIVE;
				CLANG_CXX_LANGUAGE_STANDARD = "gnu++14";
				CLANG_CXX_LIBRARY = "libc++";
				CLANG_ENABLE_MODULES = YES;
				CLANG_ENABLE_OBJC_ARC = YES;
				CLANG_ENABLE_OBJC_WEAK = YES;
				CLANG_WARN_BLOCK_CAPTURE_AUTORELEASING = YES;
				CLANG_WARN_BOOL_CONVERSION = YES;
				CLANG_WARN_COMMA = YES;
				CLANG_WARN_CONSTANT_CONVERSION = YES;
				CLANG_WARN_DEPRECATED_OBJC_IMPLEMENTATIONS = YES;
				CLANG_WARN_DIRECT_OBJC_ISA_USAGE = YES_ERROR;
				CLANG_WARN_DOCUMENTATION_COMMENTS = YES;
				CLANG_WARN_EMPTY_BODY = YES;
				CLANG_WARN_ENUM_CONVERSION = YES;
				CLANG_WARN_INFINITE_RECURSION = YES;
				CLANG_WARN_INT_CONVERSION = YES;
				CLANG_WARN_NON_LITERAL_NULL_CONVERSION = YES;
				CLANG_WARN_OBJC_IMPLICIT_RETAIN_SELF = YES;
				CLANG_WARN_OBJC_LITERAL_CONVERSION = YES;
				CLANG_WARN_OBJC_ROOT_CLASS = YES_ERROR;
				CLANG_WARN_RANGE_LOOP_ANALYSIS = YES;
				CLANG_WARN_STRICT_PROTOTYPES = YES;
				CLANG_WARN_SUSPICIOUS_MOVE = YES;
				CLANG_WARN_UNGUARDED_AVAILABILITY = YES_AGGRESSIVE;
				CLANG_WARN_UNREACHABLE_CODE = YES;
				CLANG_WARN__DUPLICATE_METHOD_MATCH = YES;
				COPY_PHASE_STRIP = NO;
				DEBUG_INFORMATION_FORMAT = dwarf;
				ENABLE_STRICT_OBJC_MSGSEND = YES;
				ENABLE_TESTABILITY = YES;
				GCC_C_LANGUAGE_STANDARD = gnu11;
				GCC_DYNAMIC_NO_PIC = NO;
				GCC_NO_COMMON_BLOCKS = YES;
				GCC_OPTIMIZATION_LEVEL = 0;
				GCC_PREPROCESSOR_DEFINITIONS = (
					"DEBUG=1",
					"$(inherited)",
				);
				GCC_WARN_64_TO_32_BIT_CONVERSION = YES;
				GCC_WARN_ABOUT_RETURN_TYPE = YES_ERROR;
				GCC_WARN_UNDECLARED_SELECTOR = YES;
				GCC_WARN_UNINITIALIZED_AUTOS = YES_AGGRESSIVE;
				GCC_WARN_UNUSED_FUNCTION = YES;
				GCC_WARN_UNUSED_VARIABLE = YES;
				IPHONEOS_DEPLOYMENT_TARGET = 13.0;
				MTL_ENABLE_DEBUG_INFO = INCLUDE_SOURCE;
				MTL_FAST_MATH = YES;
				ONLY_ACTIVE_ARCH = YES;
				SDKROOT = iphoneos;
				SWIFT_ACTIVE_COMPILATION_CONDITIONS = DEBUG;
				SWIFT_OPTIMIZATION_LEVEL = "-Onone";
			};
			name = Debug;
		};
		13B6C60E2443B14E006BE51D /* Release */ = {
			isa = XCBuildConfiguration;
			buildSettings = {
				ALWAYS_SEARCH_USER_PATHS = NO;
				CLANG_ANALYZER_LOCALIZABILITY_NONLOCALIZED = YES;
				CLANG_ANALYZER_NONNULL = YES;
				CLANG_ANALYZER_NUMBER_OBJECT_CONVERSION = YES_AGGRESSIVE;
				CLANG_CXX_LANGUAGE_STANDARD = "gnu++14";
				CLANG_CXX_LIBRARY = "libc++";
				CLANG_ENABLE_MODULES = YES;
				CLANG_ENABLE_OBJC_ARC = YES;
				CLANG_ENABLE_OBJC_WEAK = YES;
				CLANG_WARN_BLOCK_CAPTURE_AUTORELEASING = YES;
				CLANG_WARN_BOOL_CONVERSION = YES;
				CLANG_WARN_COMMA = YES;
				CLANG_WARN_CONSTANT_CONVERSION = YES;
				CLANG_WARN_DEPRECATED_OBJC_IMPLEMENTATIONS = YES;
				CLANG_WARN_DIRECT_OBJC_ISA_USAGE = YES_ERROR;
				CLANG_WARN_DOCUMENTATION_COMMENTS = YES;
				CLANG_WARN_EMPTY_BODY = YES;
				CLANG_WARN_ENUM_CONVERSION = YES;
				CLANG_WARN_INFINITE_RECURSION = YES;
				CLANG_WARN_INT_CONVERSION = YES;
				CLANG_WARN_NON_LITERAL_NULL_CONVERSION = YES;
				CLANG_WARN_OBJC_IMPLICIT_RETAIN_SELF = YES;
				CLANG_WARN_OBJC_LITERAL_CONVERSION = YES;
				CLANG_WARN_OBJC_ROOT_CLASS = YES_ERROR;
				CLANG_WARN_RANGE_LOOP_ANALYSIS = YES;
				CLANG_WARN_STRICT_PROTOTYPES = YES;
				CLANG_WARN_SUSPICIOUS_MOVE = YES;
				CLANG_WARN_UNGUARDED_AVAILABILITY = YES_AGGRESSIVE;
				CLANG_WARN_UNREACHABLE_CODE = YES;
				CLANG_WARN__DUPLICATE_METHOD_MATCH = YES;
				COPY_PHASE_STRIP = NO;
				DEBUG_INFORMATION_FORMAT = "dwarf-with-dsym";
				ENABLE_NS_ASSERTIONS = NO;
				ENABLE_STRICT_OBJC_MSGSEND = YES;
				GCC_C_LANGUAGE_STANDARD = gnu11;
				GCC_NO_COMMON_BLOCKS = YES;
				GCC_WARN_64_TO_32_BIT_CONVERSION = YES;
				GCC_WARN_ABOUT_RETURN_TYPE = YES_ERROR;
				GCC_WARN_UNDECLARED_SELECTOR = YES;
				GCC_WARN_UNINITIALIZED_AUTOS = YES_AGGRESSIVE;
				GCC_WARN_UNUSED_FUNCTION = YES;
				GCC_WARN_UNUSED_VARIABLE = YES;
				IPHONEOS_DEPLOYMENT_TARGET = 13.0;
				MTL_ENABLE_DEBUG_INFO = NO;
				MTL_FAST_MATH = YES;
				SDKROOT = iphoneos;
				SWIFT_COMPILATION_MODE = wholemodule;
				SWIFT_OPTIMIZATION_LEVEL = "-O";
				VALIDATE_PRODUCT = YES;
			};
			name = Release;
		};
		13B6C6102443B14E006BE51D /* Debug */ = {
			isa = XCBuildConfiguration;
			baseConfigurationReference = 4A8A6D6290CDBB134C4FB195 /* Pods-ListHub.debug.xcconfig */;
			buildSettings = {
				ALWAYS_EMBED_SWIFT_STANDARD_LIBRARIES = YES;
				ASSETCATALOG_COMPILER_APPICON_NAME = AppIcon;
				CODE_SIGN_ENTITLEMENTS = "ListHub/List Hub.entitlements";
				CODE_SIGN_STYLE = Automatic;
				DEVELOPMENT_TEAM = 7FQDK9Y97S;
				INFOPLIST_FILE = "$(SRCROOT)/ListHub/Configurations/Info.plist";
				IPHONEOS_DEPLOYMENT_TARGET = 13.0;
				LD_RUNPATH_SEARCH_PATHS = (
					"$(inherited)",
					"@executable_path/Frameworks",
				);
				PRODUCT_BUNDLE_IDENTIFIER = com.beksas.listhub;
				PRODUCT_NAME = ListHub;
				SWIFT_VERSION = 5.0;
				TARGETED_DEVICE_FAMILY = "1,2";
			};
			name = Debug;
		};
		13B6C6112443B14E006BE51D /* Release */ = {
			isa = XCBuildConfiguration;
			baseConfigurationReference = BF3FBC1FB0582997D2A709F5 /* Pods-ListHub.release.xcconfig */;
			buildSettings = {
				ALWAYS_EMBED_SWIFT_STANDARD_LIBRARIES = YES;
				ASSETCATALOG_COMPILER_APPICON_NAME = AppIcon;
				CODE_SIGN_ENTITLEMENTS = "ListHub/List Hub.entitlements";
				CODE_SIGN_STYLE = Automatic;
				DEVELOPMENT_TEAM = 7FQDK9Y97S;
				INFOPLIST_FILE = "$(SRCROOT)/ListHub/Configurations/Info.plist";
				IPHONEOS_DEPLOYMENT_TARGET = 13.0;
				LD_RUNPATH_SEARCH_PATHS = (
					"$(inherited)",
					"@executable_path/Frameworks",
				);
				PRODUCT_BUNDLE_IDENTIFIER = com.beksas.listhub;
				PRODUCT_NAME = ListHub;
				SWIFT_VERSION = 5.0;
				TARGETED_DEVICE_FAMILY = "1,2";
			};
			name = Release;
		};
		250DAB452458F254006C8895 /* Debug */ = {
			isa = XCBuildConfiguration;
			baseConfigurationReference = 8C31D8FD1C4428AA861E52C9 /* Pods-ListHub-DatabaseManager.debug.xcconfig */;
			buildSettings = {
				CLANG_ENABLE_MODULES = YES;
				CODE_SIGN_STYLE = Automatic;
				CURRENT_PROJECT_VERSION = 1;
				DEFINES_MODULE = YES;
				DEVELOPMENT_TEAM = 7FQDK9Y97S;
				DYLIB_COMPATIBILITY_VERSION = 1;
				DYLIB_CURRENT_VERSION = 1;
				DYLIB_INSTALL_NAME_BASE = "@rpath";
				INFOPLIST_FILE = DatabaseManager/Info.plist;
				INSTALL_PATH = "$(LOCAL_LIBRARY_DIR)/Frameworks";
				IPHONEOS_DEPLOYMENT_TARGET = 13.0;
				LD_RUNPATH_SEARCH_PATHS = (
					"$(inherited)",
					"@executable_path/Frameworks",
					"@loader_path/Frameworks",
				);
				PRODUCT_BUNDLE_IDENTIFIER = ca.BeKSaS.DatabaseManager;
				PRODUCT_NAME = "$(TARGET_NAME:c99extidentifier)";
				SKIP_INSTALL = YES;
				SWIFT_OPTIMIZATION_LEVEL = "-Onone";
				SWIFT_VERSION = 5.0;
				TARGETED_DEVICE_FAMILY = "1,2";
				VERSIONING_SYSTEM = "apple-generic";
				VERSION_INFO_PREFIX = "";
			};
			name = Debug;
		};
		250DAB462458F254006C8895 /* Release */ = {
			isa = XCBuildConfiguration;
			baseConfigurationReference = 9E018653946CB9430B97D0D3 /* Pods-ListHub-DatabaseManager.release.xcconfig */;
			buildSettings = {
				CLANG_ENABLE_MODULES = YES;
				CODE_SIGN_STYLE = Automatic;
				CURRENT_PROJECT_VERSION = 1;
				DEFINES_MODULE = YES;
				DEVELOPMENT_TEAM = 7FQDK9Y97S;
				DYLIB_COMPATIBILITY_VERSION = 1;
				DYLIB_CURRENT_VERSION = 1;
				DYLIB_INSTALL_NAME_BASE = "@rpath";
				INFOPLIST_FILE = DatabaseManager/Info.plist;
				INSTALL_PATH = "$(LOCAL_LIBRARY_DIR)/Frameworks";
				IPHONEOS_DEPLOYMENT_TARGET = 13.0;
				LD_RUNPATH_SEARCH_PATHS = (
					"$(inherited)",
					"@executable_path/Frameworks",
					"@loader_path/Frameworks",
				);
				PRODUCT_BUNDLE_IDENTIFIER = ca.BeKSaS.DatabaseManager;
				PRODUCT_NAME = "$(TARGET_NAME:c99extidentifier)";
				SKIP_INSTALL = YES;
				SWIFT_VERSION = 5.0;
				TARGETED_DEVICE_FAMILY = "1,2";
				VERSIONING_SYSTEM = "apple-generic";
				VERSION_INFO_PREFIX = "";
			};
			name = Release;
		};
		250DAB482458F254006C8895 /* Debug */ = {
			isa = XCBuildConfiguration;
			buildSettings = {
				ALWAYS_EMBED_SWIFT_STANDARD_LIBRARIES = YES;
				CODE_SIGN_STYLE = Automatic;
				DEVELOPMENT_TEAM = 7FQDK9Y97S;
				INFOPLIST_FILE = DatabaseManagerTests/Info.plist;
				IPHONEOS_DEPLOYMENT_TARGET = 13.2;
				LD_RUNPATH_SEARCH_PATHS = (
					"$(inherited)",
					"@executable_path/Frameworks",
					"@loader_path/Frameworks",
				);
				PRODUCT_BUNDLE_IDENTIFIER = ca.BeKSaS.DatabaseManagerTests;
				PRODUCT_NAME = "$(TARGET_NAME)";
				SWIFT_VERSION = 5.0;
				TARGETED_DEVICE_FAMILY = "1,2";
				TEST_HOST = "$(BUILT_PRODUCTS_DIR)/ListHub.app/ListHub";
			};
			name = Debug;
		};
		250DAB492458F254006C8895 /* Release */ = {
			isa = XCBuildConfiguration;
			buildSettings = {
				ALWAYS_EMBED_SWIFT_STANDARD_LIBRARIES = YES;
				CODE_SIGN_STYLE = Automatic;
				DEVELOPMENT_TEAM = 7FQDK9Y97S;
				INFOPLIST_FILE = DatabaseManagerTests/Info.plist;
				IPHONEOS_DEPLOYMENT_TARGET = 13.2;
				LD_RUNPATH_SEARCH_PATHS = (
					"$(inherited)",
					"@executable_path/Frameworks",
					"@loader_path/Frameworks",
				);
				PRODUCT_BUNDLE_IDENTIFIER = ca.BeKSaS.DatabaseManagerTests;
				PRODUCT_NAME = "$(TARGET_NAME)";
				SWIFT_VERSION = 5.0;
				TARGETED_DEVICE_FAMILY = "1,2";
				TEST_HOST = "$(BUILT_PRODUCTS_DIR)/ListHub.app/ListHub";
			};
			name = Release;
		};
		250DAB6D245901A8006C8895 /* Debug */ = {
			isa = XCBuildConfiguration;
			buildSettings = {
				CLANG_ENABLE_MODULES = YES;
				CODE_SIGN_STYLE = Automatic;
				CURRENT_PROJECT_VERSION = 1;
				DEFINES_MODULE = YES;
				DEVELOPMENT_TEAM = 7FQDK9Y97S;
				DYLIB_COMPATIBILITY_VERSION = 1;
				DYLIB_CURRENT_VERSION = 1;
				DYLIB_INSTALL_NAME_BASE = "@rpath";
				INFOPLIST_FILE = AppEngine/Info.plist;
				INSTALL_PATH = "$(LOCAL_LIBRARY_DIR)/Frameworks";
				IPHONEOS_DEPLOYMENT_TARGET = 13.0;
				LD_RUNPATH_SEARCH_PATHS = (
					"$(inherited)",
					"@executable_path/Frameworks",
					"@loader_path/Frameworks",
				);
				PRODUCT_BUNDLE_IDENTIFIER = ca.BeKSaS.AppEngine;
				PRODUCT_NAME = "$(TARGET_NAME:c99extidentifier)";
				SKIP_INSTALL = YES;
				SWIFT_OPTIMIZATION_LEVEL = "-Onone";
				SWIFT_VERSION = 5.0;
				TARGETED_DEVICE_FAMILY = "1,2";
				VERSIONING_SYSTEM = "apple-generic";
				VERSION_INFO_PREFIX = "";
			};
			name = Debug;
		};
		250DAB6E245901A8006C8895 /* Release */ = {
			isa = XCBuildConfiguration;
			buildSettings = {
				CLANG_ENABLE_MODULES = YES;
				CODE_SIGN_STYLE = Automatic;
				CURRENT_PROJECT_VERSION = 1;
				DEFINES_MODULE = YES;
				DEVELOPMENT_TEAM = 7FQDK9Y97S;
				DYLIB_COMPATIBILITY_VERSION = 1;
				DYLIB_CURRENT_VERSION = 1;
				DYLIB_INSTALL_NAME_BASE = "@rpath";
				INFOPLIST_FILE = AppEngine/Info.plist;
				INSTALL_PATH = "$(LOCAL_LIBRARY_DIR)/Frameworks";
				IPHONEOS_DEPLOYMENT_TARGET = 13.0;
				LD_RUNPATH_SEARCH_PATHS = (
					"$(inherited)",
					"@executable_path/Frameworks",
					"@loader_path/Frameworks",
				);
				PRODUCT_BUNDLE_IDENTIFIER = ca.BeKSaS.AppEngine;
				PRODUCT_NAME = "$(TARGET_NAME:c99extidentifier)";
				SKIP_INSTALL = YES;
				SWIFT_VERSION = 5.0;
				TARGETED_DEVICE_FAMILY = "1,2";
				VERSIONING_SYSTEM = "apple-generic";
				VERSION_INFO_PREFIX = "";
			};
			name = Release;
		};
		250DAB70245901A8006C8895 /* Debug */ = {
			isa = XCBuildConfiguration;
			buildSettings = {
				ALWAYS_EMBED_SWIFT_STANDARD_LIBRARIES = YES;
				CODE_SIGN_STYLE = Automatic;
				DEVELOPMENT_TEAM = 7FQDK9Y97S;
				INFOPLIST_FILE = AppEngineTests/Info.plist;
				IPHONEOS_DEPLOYMENT_TARGET = 13.2;
				LD_RUNPATH_SEARCH_PATHS = (
					"$(inherited)",
					"@executable_path/Frameworks",
					"@loader_path/Frameworks",
				);
				PRODUCT_BUNDLE_IDENTIFIER = ca.BeKSaS.AppEngineTests;
				PRODUCT_NAME = "$(TARGET_NAME)";
				SWIFT_VERSION = 5.0;
				TARGETED_DEVICE_FAMILY = "1,2";
				TEST_HOST = "$(BUILT_PRODUCTS_DIR)/ListHub.app/ListHub";
			};
			name = Debug;
		};
		250DAB71245901A8006C8895 /* Release */ = {
			isa = XCBuildConfiguration;
			buildSettings = {
				ALWAYS_EMBED_SWIFT_STANDARD_LIBRARIES = YES;
				CODE_SIGN_STYLE = Automatic;
				DEVELOPMENT_TEAM = 7FQDK9Y97S;
				INFOPLIST_FILE = AppEngineTests/Info.plist;
				IPHONEOS_DEPLOYMENT_TARGET = 13.2;
				LD_RUNPATH_SEARCH_PATHS = (
					"$(inherited)",
					"@executable_path/Frameworks",
					"@loader_path/Frameworks",
				);
				PRODUCT_BUNDLE_IDENTIFIER = ca.BeKSaS.AppEngineTests;
				PRODUCT_NAME = "$(TARGET_NAME)";
				SWIFT_VERSION = 5.0;
				TARGETED_DEVICE_FAMILY = "1,2";
				TEST_HOST = "$(BUILT_PRODUCTS_DIR)/ListHub.app/ListHub";
			};
			name = Release;
		};
		25C082F724457F67001578D1 /* Debug */ = {
			isa = XCBuildConfiguration;
			baseConfigurationReference = F0EA56CC54BA050623CAD94B /* Pods-ListHub-Domain.debug.xcconfig */;
			buildSettings = {
				CLANG_ENABLE_MODULES = YES;
				CODE_SIGN_STYLE = Automatic;
				CURRENT_PROJECT_VERSION = 1;
				DEFINES_MODULE = YES;
				DEVELOPMENT_TEAM = 7FQDK9Y97S;
				DYLIB_COMPATIBILITY_VERSION = 1;
				DYLIB_CURRENT_VERSION = 1;
				DYLIB_INSTALL_NAME_BASE = "@rpath";
				INFOPLIST_FILE = Domain/Info.plist;
				INSTALL_PATH = "$(LOCAL_LIBRARY_DIR)/Frameworks";
				IPHONEOS_DEPLOYMENT_TARGET = 13.0;
				LD_RUNPATH_SEARCH_PATHS = (
					"$(inherited)",
					"@executable_path/Frameworks",
					"@loader_path/Frameworks",
				);
				PRODUCT_BUNDLE_IDENTIFIER = ca.beksas.Domain;
				PRODUCT_NAME = "$(TARGET_NAME:c99extidentifier)";
				SKIP_INSTALL = YES;
				SWIFT_OPTIMIZATION_LEVEL = "-Onone";
				SWIFT_VERSION = 5.0;
				TARGETED_DEVICE_FAMILY = "1,2";
				VERSIONING_SYSTEM = "apple-generic";
				VERSION_INFO_PREFIX = "";
			};
			name = Debug;
		};
		25C082F824457F67001578D1 /* Release */ = {
			isa = XCBuildConfiguration;
			baseConfigurationReference = 4334846171AC3A0B2C40CC77 /* Pods-ListHub-Domain.release.xcconfig */;
			buildSettings = {
				CLANG_ENABLE_MODULES = YES;
				CODE_SIGN_STYLE = Automatic;
				CURRENT_PROJECT_VERSION = 1;
				DEFINES_MODULE = YES;
				DEVELOPMENT_TEAM = 7FQDK9Y97S;
				DYLIB_COMPATIBILITY_VERSION = 1;
				DYLIB_CURRENT_VERSION = 1;
				DYLIB_INSTALL_NAME_BASE = "@rpath";
				INFOPLIST_FILE = Domain/Info.plist;
				INSTALL_PATH = "$(LOCAL_LIBRARY_DIR)/Frameworks";
				IPHONEOS_DEPLOYMENT_TARGET = 13.0;
				LD_RUNPATH_SEARCH_PATHS = (
					"$(inherited)",
					"@executable_path/Frameworks",
					"@loader_path/Frameworks",
				);
				PRODUCT_BUNDLE_IDENTIFIER = ca.beksas.Domain;
				PRODUCT_NAME = "$(TARGET_NAME:c99extidentifier)";
				SKIP_INSTALL = YES;
				SWIFT_VERSION = 5.0;
				TARGETED_DEVICE_FAMILY = "1,2";
				VERSIONING_SYSTEM = "apple-generic";
				VERSION_INFO_PREFIX = "";
			};
			name = Release;
		};
/* End XCBuildConfiguration section */

/* Begin XCConfigurationList section */
		13B6C5F32443B136006BE51D /* Build configuration list for PBXProject "ListHub" */ = {
			isa = XCConfigurationList;
			buildConfigurations = (
				13B6C60D2443B14E006BE51D /* Debug */,
				13B6C60E2443B14E006BE51D /* Release */,
			);
			defaultConfigurationIsVisible = 0;
			defaultConfigurationName = Release;
		};
		13B6C60F2443B14E006BE51D /* Build configuration list for PBXNativeTarget "ListHub" */ = {
			isa = XCConfigurationList;
			buildConfigurations = (
				13B6C6102443B14E006BE51D /* Debug */,
				13B6C6112443B14E006BE51D /* Release */,
			);
			defaultConfigurationIsVisible = 0;
			defaultConfigurationName = Release;
		};
		250DAB442458F254006C8895 /* Build configuration list for PBXNativeTarget "DatabaseManager" */ = {
			isa = XCConfigurationList;
			buildConfigurations = (
				250DAB452458F254006C8895 /* Debug */,
				250DAB462458F254006C8895 /* Release */,
			);
			defaultConfigurationIsVisible = 0;
			defaultConfigurationName = Release;
		};
		250DAB472458F254006C8895 /* Build configuration list for PBXNativeTarget "DatabaseManagerTests" */ = {
			isa = XCConfigurationList;
			buildConfigurations = (
				250DAB482458F254006C8895 /* Debug */,
				250DAB492458F254006C8895 /* Release */,
			);
			defaultConfigurationIsVisible = 0;
			defaultConfigurationName = Release;
		};
		250DAB6C245901A8006C8895 /* Build configuration list for PBXNativeTarget "AppEngine" */ = {
			isa = XCConfigurationList;
			buildConfigurations = (
				250DAB6D245901A8006C8895 /* Debug */,
				250DAB6E245901A8006C8895 /* Release */,
			);
			defaultConfigurationIsVisible = 0;
			defaultConfigurationName = Release;
		};
		250DAB6F245901A8006C8895 /* Build configuration list for PBXNativeTarget "AppEngineTests" */ = {
			isa = XCConfigurationList;
			buildConfigurations = (
				250DAB70245901A8006C8895 /* Debug */,
				250DAB71245901A8006C8895 /* Release */,
			);
			defaultConfigurationIsVisible = 0;
			defaultConfigurationName = Release;
		};
		25C082F624457F67001578D1 /* Build configuration list for PBXNativeTarget "Domain" */ = {
			isa = XCConfigurationList;
			buildConfigurations = (
				25C082F724457F67001578D1 /* Debug */,
				25C082F824457F67001578D1 /* Release */,
			);
			defaultConfigurationIsVisible = 0;
			defaultConfigurationName = Release;
		};
/* End XCConfigurationList section */

/* Begin XCVersionGroup section */
		13B6C6042443B136006BE51D /* ListHub.xcdatamodeld */ = {
			isa = XCVersionGroup;
			children = (
				13B6C6052443B136006BE51D /* ListHub.xcdatamodel */,
			);
			currentVersion = 13B6C6052443B136006BE51D /* ListHub.xcdatamodel */;
			path = ListHub.xcdatamodeld;
			sourceTree = "<group>";
			versionGroupType = wrapper.xcdatamodel;
		};
/* End XCVersionGroup section */
	};
	rootObject = 13B6C5F02443B136006BE51D /* Project object */;
}
